{
	"name": "remix-starter-template",
	"lockfileVersion": 3,
	"requires": true,
	"packages": {
		"": {
			"name": "remix-starter-template",
			"dependencies": {
				"@remix-run/cloudflare": "2.17.2",
				"@remix-run/react": "2.17.2",
				"@remix-run/server-runtime": "2.17.2",
				"isbot": "5.1.32",
				"react": "^18.0.0",
				"react-dom": "^18.0.0"
			},
			"devDependencies": {
				"@cloudflare/workers-types": "^4.20260507.1",
				"@remix-run/dev": "2.17.2",
				"@types/react": "18.3.23",
				"@types/react-dom": "18.3.7",
				"@typescript-eslint/eslint-plugin": "8.50.0",
				"@typescript-eslint/parser": "8.50.0",
				"autoprefixer": "10.4.22",
				"eslint": "9.39.2",
				"eslint-import-resolver-typescript": "4.4.4",
				"eslint-plugin-import": "2.32.0",
				"eslint-plugin-jsx-a11y": "6.10.2",
				"eslint-plugin-react": "7.37.5",
				"eslint-plugin-react-hooks": "7.0.1",
				"postcss": "8.5.6",
				"tailwindcss": "^3.4.0",
				"typescript": "5.9.3",
				"vite": "5.4.14",
				"vite-tsconfig-paths": "5.1.4",
				"wrangler": "^3.114.4"
			},
			"engines": {
				"node": ">=20.0.0"
			}
		},
		"../node_modules/.pnpm/@cloudflare+workers-types@4.20260507.1/node_modules/@cloudflare/workers-types": {
			"version": "4.20260507.1",
			"dev": true,
			"license": "MIT OR Apache-2.0"
		},
		"../node_modules/.pnpm/@remix-run+cloudflare@2.17.2_@cloudflare+workers-types@4.20260507.1_typescript@5.9.3/node_modules/@remix-run/cloudflare": {
			"version": "2.17.2",
			"license": "MIT",
			"dependencies": {
				"@cloudflare/kv-asset-handler": "^0.1.3",
				"@remix-run/server-runtime": "2.17.2"
			},
			"devDependencies": {
				"@cloudflare/workers-types": "^4.20230518.0",
				"typescript": "^5.1.0"
			},
			"engines": {
				"node": ">=18.0.0"
			},
			"peerDependencies": {
				"@cloudflare/workers-types": "^4.0.0",
				"typescript": "^5.1.0"
			},
			"peerDependenciesMeta": {
				"typescript": {
					"optional": true
				}
			}
		},
		"../node_modules/.pnpm/@remix-run+dev@2.17.2_@remix-run+react@2.17.2_react-dom@18.3.1_react@18.3.1__react@18.3_76c2c09ad4b9ffac2fabceeaf288b78a/node_modules/@remix-run/dev": {
			"version": "2.17.2",
			"dev": true,
			"license": "MIT",
			"dependencies": {
				"@babel/core": "^7.21.8",
				"@babel/generator": "^7.21.5",
				"@babel/parser": "^7.21.8",
				"@babel/plugin-syntax-decorators": "^7.22.10",
				"@babel/plugin-syntax-jsx": "^7.21.4",
				"@babel/preset-typescript": "^7.21.5",
				"@babel/traverse": "^7.23.2",
				"@babel/types": "^7.22.5",
				"@mdx-js/mdx": "^2.3.0",
				"@npmcli/package-json": "^4.0.1",
				"@remix-run/node": "2.17.2",
				"@remix-run/router": "1.23.0",
				"@remix-run/server-runtime": "2.17.2",
				"@types/mdx": "^2.0.5",
				"@vanilla-extract/integration": "^6.2.0",
				"arg": "^5.0.1",
				"cacache": "^17.1.3",
				"chalk": "^4.1.2",
				"chokidar": "^3.5.1",
				"cross-spawn": "^7.0.3",
				"dotenv": "^16.0.0",
				"es-module-lexer": "^1.3.1",
				"esbuild": "0.17.6",
				"esbuild-plugins-node-modules-polyfill": "^1.6.0",
				"execa": "5.1.1",
				"exit-hook": "2.2.1",
				"express": "^4.20.0",
				"fs-extra": "^10.0.0",
				"get-port": "^5.1.1",
				"gunzip-maybe": "^1.4.2",
				"jsesc": "3.0.2",
				"json5": "^2.2.2",
				"lodash": "^4.17.21",
				"lodash.debounce": "^4.0.8",
				"minimatch": "^9.0.0",
				"ora": "^5.4.1",
				"pathe": "^1.1.2",
				"picocolors": "^1.0.0",
				"picomatch": "^2.3.1",
				"pidtree": "^0.6.0",
				"postcss": "^8.4.19",
				"postcss-discard-duplicates": "^5.1.0",
				"postcss-load-config": "^4.0.1",
				"postcss-modules": "^6.0.0",
				"prettier": "^2.7.1",
				"pretty-ms": "^7.0.1",
				"react-refresh": "^0.14.0",
				"remark-frontmatter": "4.0.1",
				"remark-mdx-frontmatter": "^1.0.1",
				"semver": "^7.3.7",
				"set-cookie-parser": "^2.6.0",
				"tar-fs": "^2.1.3",
				"tsconfig-paths": "^4.0.0",
				"valibot": "^0.41.0",
				"vite-node": "^3.1.3",
				"ws": "^7.5.10"
			},
			"bin": {
				"remix": "dist/cli.js"
			},
			"devDependencies": {
				"@remix-run/cloudflare": "2.17.2",
				"@remix-run/deno": "2.17.2",
				"@remix-run/react": "2.17.2",
				"@remix-run/serve": "2.17.2",
				"@remix-run/testing": "2.17.2",
				"@types/babel__core": "^7.20.5",
				"@types/babel__generator": "^7.6.8",
				"@types/babel__traverse": "^7.20.5",
				"@types/cacache": "^17.0.0",
				"@types/cross-spawn": "^6.0.2",
				"@types/express": "^4.17.9",
				"@types/gunzip-maybe": "^1.4.0",
				"@types/jsesc": "^3.0.1",
				"@types/lodash.debounce": "^4.0.6",
				"@types/node": "^18.17.1",
				"@types/npmcli__package-json": "^4.0.0",
				"@types/picomatch": "^2.3.0",
				"@types/prettier": "^2.7.3",
				"@types/set-cookie-parser": "^2.4.1",
				"@types/shelljs": "^0.8.11",
				"@types/tar-fs": "^2.0.1",
				"@types/ws": "^7.4.1",
				"esbuild-register": "^3.3.2",
				"fast-glob": "3.2.11",
				"msw": "^1.2.3",
				"strip-ansi": "^6.0.1",
				"tiny-invariant": "^1.2.0",
				"wrangler": "^3.28.2"
			},
			"engines": {
				"node": ">=18.0.0"
			},
			"peerDependencies": {
				"@remix-run/react": "^2.17.0",
				"@remix-run/serve": "^2.17.0",
				"typescript": "^5.1.0",
				"vite": "^5.1.0 || ^6.0.0",
				"wrangler": "^3.28.2"
			},
			"peerDependenciesMeta": {
				"@remix-run/serve": {
					"optional": true
				},
				"typescript": {
					"optional": true
				},
				"vite": {
					"optional": true
				},
				"wrangler": {
					"optional": true
				}
			}
		},
		"../node_modules/.pnpm/@remix-run+react@2.17.2_react-dom@18.3.1_react@18.3.1__react@18.3.1_typescript@5.9.3/node_modules/@remix-run/react": {
			"version": "2.17.2",
			"license": "MIT",
			"dependencies": {
				"@remix-run/router": "1.23.0",
				"@remix-run/server-runtime": "2.17.2",
				"react-router": "6.30.0",
				"react-router-dom": "6.30.0",
				"turbo-stream": "2.4.1"
			},
			"devDependencies": {
				"@remix-run/node": "2.17.2",
				"@remix-run/react": "2.17.2",
				"@testing-library/jest-dom": "^5.17.0",
				"@testing-library/react": "^13.3.0",
				"@types/react": "^18.2.20",
				"jest-environment-jsdom": "^29.6.4",
				"react": "^18.2.0",
				"react-dom": "^18.2.0",
				"typescript": "^5.1.6"
			},
			"engines": {
				"node": ">=18.0.0"
			},
			"peerDependencies": {
				"react": "^18.0.0",
				"react-dom": "^18.0.0",
				"typescript": "^5.1.0"
			},
			"peerDependenciesMeta": {
				"typescript": {
					"optional": true
				}
			}
		},
		"../node_modules/.pnpm/@remix-run+server-runtime@2.17.2_typescript@5.9.3/node_modules/@remix-run/server-runtime": {
			"version": "2.17.2",
			"license": "MIT",
			"dependencies": {
				"@remix-run/router": "1.23.0",
				"@types/cookie": "^0.6.0",
				"@web3-storage/multipart-parser": "^1.0.0",
				"cookie": "^0.7.2",
				"set-cookie-parser": "^2.4.8",
				"source-map": "^0.7.3",
				"turbo-stream": "2.4.1"
			},
			"devDependencies": {
				"@types/set-cookie-parser": "^2.4.1",
				"typescript": "^5.1.6"
			},
			"engines": {
				"node": ">=18.0.0"
			},
			"peerDependencies": {
				"typescript": "^5.1.0"
			},
			"peerDependenciesMeta": {
				"typescript": {
					"optional": true
				}
			}
		},
		"../node_modules/.pnpm/@types+react-dom@18.3.7_@types+react@18.3.23/node_modules/@types/react-dom": {
			"version": "18.3.7",
			"dev": true,
			"license": "MIT",
			"peerDependencies": {
				"@types/react": "^18.0.0"
			}
		},
		"../node_modules/.pnpm/@types+react@18.3.23/node_modules/@types/react": {
			"version": "18.3.23",
			"dev": true,
			"license": "MIT",
			"dependencies": {
				"@types/prop-types": "*",
				"csstype": "^3.0.2"
			}
		},
		"../node_modules/.pnpm/@typescript-eslint+eslint-plugin@8.50.0_@typescript-eslint+parser@8.50.0_eslint@9.39.2__e4ed4129f8168750a0d0df84978e1119/node_modules/@typescript-eslint/eslint-plugin": {
			"version": "8.50.0",
			"dev": true,
			"license": "MIT",
			"dependencies": {
				"@eslint-community/regexpp": "^4.10.0",
				"@typescript-eslint/scope-manager": "8.50.0",
				"@typescript-eslint/type-utils": "8.50.0",
				"@typescript-eslint/utils": "8.50.0",
				"@typescript-eslint/visitor-keys": "8.50.0",
				"ignore": "^7.0.0",
				"natural-compare": "^1.4.0",
				"ts-api-utils": "^2.1.0"
			},
			"devDependencies": {
				"@types/mdast": "^4.0.3",
				"@types/natural-compare": "*",
				"@typescript-eslint/rule-schema-to-typescript-types": "8.50.0",
				"@typescript-eslint/rule-tester": "8.50.0",
				"@vitest/coverage-v8": "^3.1.3",
				"ajv": "^6.12.6",
				"cross-fetch": "*",
				"eslint": "*",
				"json-schema": "*",
				"markdown-table": "^3.0.3",
				"marked": "^15.0.0",
				"mdast-util-from-markdown": "^2.0.0",
				"mdast-util-mdx": "^3.0.0",
				"micromark-extension-mdxjs": "^3.0.0",
				"prettier": "3.7.2",
				"rimraf": "*",
				"title-case": "^4.0.0",
				"tsx": "*",
				"typescript": "*",
				"unist-util-visit": "^5.0.0",
				"vitest": "^3.1.3"
			},
			"engines": {
				"node": "^18.18.0 || ^20.9.0 || >=21.1.0"
			},
			"funding": {
				"type": "opencollective",
				"url": "https://opencollective.com/typescript-eslint"
			},
			"peerDependencies": {
				"@typescript-eslint/parser": "^8.50.0",
				"eslint": "^8.57.0 || ^9.0.0",
				"typescript": ">=4.8.4 <6.0.0"
			}
		},
		"../node_modules/.pnpm/@typescript-eslint+parser@8.50.0_eslint@9.39.2_jiti@2.6.1__typescript@5.9.3/node_modules/@typescript-eslint/parser": {
			"version": "8.50.0",
			"dev": true,
			"license": "MIT",
			"dependencies": {
				"@typescript-eslint/scope-manager": "8.50.0",
				"@typescript-eslint/types": "8.50.0",
				"@typescript-eslint/typescript-estree": "8.50.0",
				"@typescript-eslint/visitor-keys": "8.50.0",
				"debug": "^4.3.4"
			},
			"devDependencies": {
				"@vitest/coverage-v8": "^3.1.3",
				"eslint": "*",
				"glob": "*",
				"rimraf": "*",
				"typescript": "*",
				"vitest": "^3.1.3"
			},
			"engines": {
				"node": "^18.18.0 || ^20.9.0 || >=21.1.0"
			},
			"funding": {
				"type": "opencollective",
				"url": "https://opencollective.com/typescript-eslint"
			},
			"peerDependencies": {
				"eslint": "^8.57.0 || ^9.0.0",
				"typescript": ">=4.8.4 <6.0.0"
			}
		},
		"../node_modules/.pnpm/autoprefixer@10.4.22_postcss@8.5.6/node_modules/autoprefixer": {
			"version": "10.4.22",
			"dev": true,
			"funding": [
				{
					"type": "opencollective",
					"url": "https://opencollective.com/postcss/"
				},
				{
					"type": "tidelift",
					"url": "https://tidelift.com/funding/github/npm/autoprefixer"
				},
				{
					"type": "github",
					"url": "https://github.com/sponsors/ai"
				}
			],
			"license": "MIT",
			"dependencies": {
				"browserslist": "^4.27.0",
				"caniuse-lite": "^1.0.30001754",
				"fraction.js": "^5.3.4",
				"normalize-range": "^0.1.2",
				"picocolors": "^1.1.1",
				"postcss-value-parser": "^4.2.0"
			},
			"bin": {
				"autoprefixer": "bin/autoprefixer"
			},
			"engines": {
				"node": "^10 || ^12 || >=14"
			},
			"peerDependencies": {
				"postcss": "^8.1.0"
			}
		},
		"../node_modules/.pnpm/eslint-import-resolver-typescript@4.4.4_eslint-plugin-import@2.32.0_eslint@9.39.2_jiti@2.6.1_/node_modules/eslint-import-resolver-typescript": {
			"version": "4.4.4",
			"dev": true,
			"license": "ISC",
			"dependencies": {
				"debug": "^4.4.1",
				"eslint-import-context": "^0.1.8",
				"get-tsconfig": "^4.10.1",
				"is-bun-module": "^2.0.0",
				"stable-hash-x": "^0.2.0",
				"tinyglobby": "^0.2.14",
				"unrs-resolver": "^1.7.11"
			},
			"engines": {
				"node": "^16.17.0 || >=18.6.0"
			},
			"funding": {
				"url": "https://opencollective.com/eslint-import-resolver-typescript"
			},
			"peerDependencies": {
				"eslint": "*",
				"eslint-plugin-import": "*",
				"eslint-plugin-import-x": "*"
			},
			"peerDependenciesMeta": {
				"eslint-plugin-import": {
					"optional": true
				},
				"eslint-plugin-import-x": {
					"optional": true
				}
			}
		},
		"../node_modules/.pnpm/eslint-plugin-import@2.32.0_@typescript-eslint+parser@8.50.0_eslint@9.39.2_jiti@2.6.1___0f4412e7a11b85bef62f665613263b36/node_modules/eslint-plugin-import": {
			"version": "2.32.0",
			"dev": true,
			"license": "MIT",
			"dependencies": {
				"@rtsao/scc": "^1.1.0",
				"array-includes": "^3.1.9",
				"array.prototype.findlastindex": "^1.2.6",
				"array.prototype.flat": "^1.3.3",
				"array.prototype.flatmap": "^1.3.3",
				"debug": "^3.2.7",
				"doctrine": "^2.1.0",
				"eslint-import-resolver-node": "^0.3.9",
				"eslint-module-utils": "^2.12.1",
				"hasown": "^2.0.2",
				"is-core-module": "^2.16.1",
				"is-glob": "^4.0.3",
				"minimatch": "^3.1.2",
				"object.fromentries": "^2.0.8",
				"object.groupby": "^1.0.3",
				"object.values": "^1.2.1",
				"semver": "^6.3.1",
				"string.prototype.trimend": "^1.0.9",
				"tsconfig-paths": "^3.15.0"
			},
			"devDependencies": {
				"@angular-eslint/template-parser": "^13.5.0",
				"@eslint/import-test-order-redirect-scoped": "file:./tests/files/order-redirect-scoped",
				"@test-scope/some-module": "file:./tests/files/symlinked-module",
				"@types/eslint": "^8.56.12",
				"@typescript-eslint/parser": "^2.23.0 || ^3.3.0 || ^4.29.3 || ^5.10.0",
				"babel-cli": "^6.26.0",
				"babel-core": "^6.26.3",
				"babel-eslint": "=8.0.3 || ^8.2.6",
				"babel-plugin-istanbul": "^4.1.6",
				"babel-plugin-module-resolver": "^2.7.1",
				"babel-preset-airbnb": "^2.6.0",
				"babel-preset-flow": "^6.23.0",
				"babel-register": "^6.26.0",
				"babylon": "^6.18.0",
				"chai": "^4.3.10",
				"cross-env": "^4.0.0",
				"escope": "^3.6.0",
				"eslint": "^2 || ^3 || ^4 || ^5 || ^6 || ^7.2.0 || ^8 || ^9",
				"eslint-doc-generator": "^1.6.1",
				"eslint-import-resolver-node": "file:./resolvers/node",
				"eslint-import-resolver-typescript": "^1.0.2 || ^1.1.1",
				"eslint-import-resolver-webpack": "file:./resolvers/webpack",
				"eslint-import-test-order-redirect": "file:./tests/files/order-redirect",
				"eslint-module-utils": "file:./utils",
				"eslint-plugin-eslint-plugin": "^2.3.0",
				"eslint-plugin-import": "2.x",
				"eslint-plugin-json": "^2.1.2",
				"find-babel-config": "=1.2.0",
				"fs-copy-file-sync": "^1.1.1",
				"glob": "^7.2.3",
				"in-publish": "^2.0.1",
				"jackspeak": "=2.1.1",
				"jsonc-parser": "=3.2.0",
				"linklocal": "^2.8.2",
				"lodash.isarray": "^4.0.0",
				"markdownlint-cli": "~0.35",
				"mocha": "^3.5.3",
				"npm-which": "^3.0.1",
				"nyc": "^11.9.0",
				"redux": "^3.7.2",
				"rimraf": "^2.7.1",
				"safe-publish-latest": "^2.0.0",
				"sinon": "^2.4.1",
				"tmp": "^0.2.1",
				"typescript": "^2.8.1 || ~3.9.5 || ~4.5.2",
				"typescript-eslint-parser": "^15 || ^20 || ^22"
			},
			"engines": {
				"node": ">=4"
			},
			"peerDependencies": {
				"eslint": "^2 || ^3 || ^4 || ^5 || ^6 || ^7.2.0 || ^8 || ^9"
			}
		},
		"../node_modules/.pnpm/eslint-plugin-jsx-a11y@6.10.2_eslint@9.39.2_jiti@2.6.1_/node_modules/eslint-plugin-jsx-a11y": {
			"version": "6.10.2",
			"dev": true,
			"license": "MIT",
			"dependencies": {
				"aria-query": "^5.3.2",
				"array-includes": "^3.1.8",
				"array.prototype.flatmap": "^1.3.2",
				"ast-types-flow": "^0.0.8",
				"axe-core": "^4.10.0",
				"axobject-query": "^4.1.0",
				"damerau-levenshtein": "^1.0.8",
				"emoji-regex": "^9.2.2",
				"hasown": "^2.0.2",
				"jsx-ast-utils": "^3.3.5",
				"language-tags": "^1.0.9",
				"minimatch": "^3.1.2",
				"object.fromentries": "^2.0.8",
				"safe-regex-test": "^1.0.3",
				"string.prototype.includes": "^2.0.1"
			},
			"devDependencies": {
				"@babel/cli": "^7.25.9",
				"@babel/core": "^7.26.0",
				"@babel/eslint-parser": "^7.25.9",
				"@babel/plugin-transform-flow-strip-types": "^7.25.9",
				"@babel/register": "^7.25.9",
				"auto-changelog": "^2.5.0",
				"babel-plugin-add-module-exports": "^1.0.4",
				"babel-preset-airbnb": "^5.0.0",
				"eslint": "^3 || ^4 || ^5 || ^6 || ^7 || ^8 || ^9",
				"eslint-config-airbnb-base": "^15.0.0",
				"eslint-doc-generator": "^1.7.1",
				"eslint-plugin-eslint-plugin": "^4.3.0",
				"eslint-plugin-flowtype": "^5.8.0 || ^8.0.3",
				"eslint-plugin-import": "^2.31.0",
				"estraverse": "^5.3.0",
				"flow-bin": "^0.147.0",
				"in-publish": "^2.0.1",
				"jackspeak": "=2.1.1",
				"jscodeshift": "^17.0.0",
				"minimist": "^1.2.8",
				"npmignore": "^0.3.1",
				"object.assign": "^4.1.5",
				"object.entries": "^1.1.8",
				"rimraf": "^3.0.2",
				"safe-publish-latest": "^2.0.0",
				"semver": "^6.3.1",
				"tape": "^5.9.0",
				"to-ast": "^1.0.0"
			},
			"engines": {
				"node": ">=4.0"
			},
			"peerDependencies": {
				"eslint": "^3 || ^4 || ^5 || ^6 || ^7 || ^8 || ^9"
			}
		},
		"../node_modules/.pnpm/eslint-plugin-react-hooks@7.0.1_eslint@9.39.2_jiti@2.6.1_/node_modules/eslint-plugin-react-hooks": {
			"version": "7.0.1",
			"dev": true,
			"license": "MIT",
			"dependencies": {
				"@babel/core": "^7.24.4",
				"@babel/parser": "^7.24.4",
				"hermes-parser": "^0.25.1",
				"zod": "^3.25.0 || ^4.0.0",
				"zod-validation-error": "^3.5.0 || ^4.0.0"
			},
			"devDependencies": {
				"@babel/eslint-parser": "^7.11.4",
				"@babel/preset-typescript": "^7.26.0",
				"@babel/types": "^7.19.0",
				"@tsconfig/strictest": "^2.0.5",
				"@types/eslint": "^9.6.1",
				"@types/estree": "^1.0.6",
				"@types/estree-jsx": "^1.0.5",
				"@types/node": "^20.2.5",
				"@typescript-eslint/parser-v2": "npm:@typescript-eslint/parser@^2.26.0",
				"@typescript-eslint/parser-v3": "npm:@typescript-eslint/parser@^3.10.0",
				"@typescript-eslint/parser-v4": "npm:@typescript-eslint/parser@^4.1.0",
				"@typescript-eslint/parser-v5": "npm:@typescript-eslint/parser@^5.62.0",
				"babel-eslint": "^10.0.3",
				"eslint-v7": "npm:eslint@^7.7.0",
				"eslint-v8": "npm:eslint@^8.57.1",
				"eslint-v9": "npm:eslint@^9.0.0",
				"jest": "^29.5.0",
				"typescript": "^5.4.3"
			},
			"engines": {
				"node": ">=18"
			},
			"peerDependencies": {
				"eslint": "^3.0.0 || ^4.0.0 || ^5.0.0 || ^6.0.0 || ^7.0.0 || ^8.0.0-0 || ^9.0.0"
			}
		},
		"../node_modules/.pnpm/eslint-plugin-react@7.37.5_eslint@9.39.2_jiti@2.6.1_/node_modules/eslint-plugin-react": {
			"version": "7.37.5",
			"dev": true,
			"license": "MIT",
			"dependencies": {
				"array-includes": "^3.1.8",
				"array.prototype.findlast": "^1.2.5",
				"array.prototype.flatmap": "^1.3.3",
				"array.prototype.tosorted": "^1.1.4",
				"doctrine": "^2.1.0",
				"es-iterator-helpers": "^1.2.1",
				"estraverse": "^5.3.0",
				"hasown": "^2.0.2",
				"jsx-ast-utils": "^2.4.1 || ^3.0.0",
				"minimatch": "^3.1.2",
				"object.entries": "^1.1.9",
				"object.fromentries": "^2.0.8",
				"object.values": "^1.2.1",
				"prop-types": "^15.8.1",
				"resolve": "^2.0.0-next.5",
				"semver": "^6.3.1",
				"string.prototype.matchall": "^4.0.12",
				"string.prototype.repeat": "^1.0.0"
			},
			"devDependencies": {
				"@babel/core": "^7.26.10",
				"@babel/eslint-parser": "^7.27.0",
				"@babel/plugin-syntax-decorators": "^7.25.9",
				"@babel/plugin-syntax-do-expressions": "^7.25.9",
				"@babel/plugin-syntax-function-bind": "^7.25.9",
				"@babel/preset-react": "^7.26.3",
				"@types/eslint": "=7.2.10",
				"@types/estree": "0.0.52",
				"@types/node": "^4.9.5",
				"@typescript-eslint/parser": "^2.34.0 || ^3.10.1 || ^4 || ^5 || ^6.20 || ^7.14.1 || 8.4 - 8.17",
				"babel-eslint": "^8 || ^9 || ^10.1.0",
				"eslint": "^3 || ^4 || ^5 || ^6 || ^7 || ^8 || ^9.7",
				"eslint-config-airbnb-base": "^15.0.0",
				"eslint-doc-generator": "^1.7.1",
				"eslint-plugin-eslint-plugin": "^2.3.0 || ^3.5.3 || ^4.0.1 || ^5.0.5",
				"eslint-plugin-import": "^2.31.0",
				"eslint-remote-tester": "^3.0.1",
				"eslint-remote-tester-repositories": "^1.0.1",
				"eslint-scope": "^3.7.3",
				"espree": "^3.5.4",
				"gfm-footnotes": "^1.0.1",
				"glob": "=10.3.7",
				"istanbul": "^0.4.5",
				"jackspeak": "=2.1.1",
				"ls-engines": "^0.8.1",
				"markdownlint-cli": "^0.8.0 || ^0.32.2",
				"mocha": "^5.2.0",
				"npmignore": "^0.3.1",
				"sinon": "^7.5.0",
				"typescript": "^3.9.9",
				"typescript-eslint-parser": "^20.1.1"
			},
			"engines": {
				"node": ">=4"
			},
			"peerDependencies": {
				"eslint": "^3 || ^4 || ^5 || ^6 || ^7 || ^8 || ^9.7"
			}
		},
		"../node_modules/.pnpm/eslint@9.39.2_jiti@2.6.1/node_modules/eslint": {
			"version": "9.39.2",
			"dev": true,
			"license": "MIT",
			"dependencies": {
				"@eslint-community/eslint-utils": "^4.8.0",
				"@eslint-community/regexpp": "^4.12.1",
				"@eslint/config-array": "^0.21.1",
				"@eslint/config-helpers": "^0.4.2",
				"@eslint/core": "^0.17.0",
				"@eslint/eslintrc": "^3.3.1",
				"@eslint/js": "9.39.2",
				"@eslint/plugin-kit": "^0.4.1",
				"@humanfs/node": "^0.16.6",
				"@humanwhocodes/module-importer": "^1.0.1",
				"@humanwhocodes/retry": "^0.4.2",
				"@types/estree": "^1.0.6",
				"ajv": "^6.12.4",
				"chalk": "^4.0.0",
				"cross-spawn": "^7.0.6",
				"debug": "^4.3.2",
				"escape-string-regexp": "^4.0.0",
				"eslint-scope": "^8.4.0",
				"eslint-visitor-keys": "^4.2.1",
				"espree": "^10.4.0",
				"esquery": "^1.5.0",
				"esutils": "^2.0.2",
				"fast-deep-equal": "^3.1.3",
				"file-entry-cache": "^8.0.0",
				"find-up": "^5.0.0",
				"glob-parent": "^6.0.2",
				"ignore": "^5.2.0",
				"imurmurhash": "^0.1.4",
				"is-glob": "^4.0.0",
				"json-stable-stringify-without-jsonify": "^1.0.1",
				"lodash.merge": "^4.6.2",
				"minimatch": "^3.1.2",
				"natural-compare": "^1.4.0",
				"optionator": "^0.9.3"
			},
			"bin": {
				"eslint": "bin/eslint.js"
			},
			"devDependencies": {
				"@arethetypeswrong/cli": "^0.18.0",
				"@babel/core": "^7.4.3",
				"@babel/preset-env": "^7.4.3",
				"@cypress/webpack-preprocessor": "^6.0.2",
				"@eslint/json": "^0.13.2",
				"@trunkio/launcher": "^1.3.4",
				"@types/esquery": "^1.5.4",
				"@types/node": "^22.13.14",
				"@typescript-eslint/parser": "^8.4.0",
				"babel-loader": "^8.0.5",
				"c8": "^7.12.0",
				"chai": "^4.0.1",
				"cheerio": "^0.22.0",
				"common-tags": "^1.8.0",
				"core-js": "^3.1.3",
				"cypress": "^14.1.0",
				"ejs": "^3.0.2",
				"eslint": "file:.",
				"eslint-config-eslint": "file:packages/eslint-config-eslint",
				"eslint-plugin-eslint-plugin": "^6.0.0",
				"eslint-plugin-expect-type": "^0.6.0",
				"eslint-plugin-yml": "^1.14.0",
				"eslint-release": "^3.3.0",
				"eslint-rule-composer": "^0.3.0",
				"eslump": "^3.0.0",
				"esprima": "^4.0.1",
				"fast-glob": "^3.2.11",
				"fs-teardown": "^0.1.3",
				"glob": "^10.0.0",
				"globals": "^16.2.0",
				"got": "^11.8.3",
				"gray-matter": "^4.0.3",
				"jiti": "^2.6.1",
				"jiti-v2.0": "npm:jiti@2.0.x",
				"jiti-v2.1": "npm:jiti@2.1.x",
				"knip": "^5.60.2",
				"lint-staged": "^11.0.0",
				"markdown-it": "^12.2.0",
				"markdown-it-container": "^3.0.0",
				"marked": "^4.0.8",
				"metascraper": "^5.25.7",
				"metascraper-description": "^5.25.7",
				"metascraper-image": "^5.29.3",
				"metascraper-logo": "^5.25.7",
				"metascraper-logo-favicon": "^5.25.7",
				"metascraper-title": "^5.25.7",
				"mocha": "^11.7.1",
				"node-polyfill-webpack-plugin": "^1.0.3",
				"npm-license": "^0.3.3",
				"pirates": "^4.0.5",
				"progress": "^2.0.3",
				"proxyquire": "^2.0.1",
				"recast": "^0.23.0",
				"regenerator-runtime": "^0.14.0",
				"semver": "^7.5.3",
				"shelljs": "^0.10.0",
				"sinon": "^11.0.0",
				"typescript": "^5.3.3",
				"webpack": "^5.23.0",
				"webpack-cli": "^4.5.0",
				"yorkie": "^2.0.0"
			},
			"engines": {
				"node": "^18.18.0 || ^20.9.0 || >=21.1.0"
			},
			"funding": {
				"url": "https://eslint.org/donate"
			},
			"peerDependencies": {
				"jiti": "*"
			},
			"peerDependenciesMeta": {
				"jiti": {
					"optional": true
				}
			}
		},
		"../node_modules/.pnpm/isbot@5.1.32/node_modules/isbot": {
			"version": "5.1.32",
			"license": "Unlicense",
			"devDependencies": {
				"@types/jest": "^30.0.0",
				"esbuild": "^0.25.5",
				"jest": "^30.0.2",
				"prettier": "^3.6.0",
				"pug": "^3.0.3",
				"stdline": "^1.1.1",
				"ts-jest": "^29.4.0",
				"typescript": "^5.8.3",
				"user-agents": "^1.1.580",
				"yaml": "^2.8.0"
			},
			"engines": {
				"node": ">=18"
			}
		},
		"../node_modules/.pnpm/postcss@8.5.6/node_modules/postcss": {
			"version": "8.5.6",
			"dev": true,
			"funding": [
				{
					"type": "opencollective",
					"url": "https://opencollective.com/postcss/"
				},
				{
					"type": "tidelift",
					"url": "https://tidelift.com/funding/github/npm/postcss"
				},
				{
					"type": "github",
					"url": "https://github.com/sponsors/ai"
				}
			],
			"license": "MIT",
			"dependencies": {
				"nanoid": "^3.3.11",
				"picocolors": "^1.1.1",
				"source-map-js": "^1.2.1"
			},
			"engines": {
				"node": "^10 || ^12 || >=14"
			}
		},
		"../node_modules/.pnpm/react-dom@18.3.1_react@18.3.1/node_modules/react-dom": {
			"version": "18.3.1",
			"license": "MIT",
			"dependencies": {
				"loose-envify": "^1.1.0",
				"scheduler": "^0.23.2"
			},
			"peerDependencies": {
				"react": "^18.3.1"
			}
		},
		"../node_modules/.pnpm/react@18.3.1/node_modules/react": {
			"version": "18.3.1",
			"license": "MIT",
			"dependencies": {
				"loose-envify": "^1.1.0"
			},
			"engines": {
				"node": ">=0.10.0"
			}
		},
		"../node_modules/.pnpm/tailwindcss@3.4.17/node_modules/tailwindcss": {
			"version": "3.4.17",
			"dev": true,
			"license": "MIT",
			"dependencies": {
				"@alloc/quick-lru": "^5.2.0",
				"arg": "^5.0.2",
				"chokidar": "^3.6.0",
				"didyoumean": "^1.2.2",
				"dlv": "^1.1.3",
				"fast-glob": "^3.3.2",
				"glob-parent": "^6.0.2",
				"is-glob": "^4.0.3",
				"jiti": "^1.21.6",
				"lilconfig": "^3.1.3",
				"micromatch": "^4.0.8",
				"normalize-path": "^3.0.0",
				"object-hash": "^3.0.0",
				"picocolors": "^1.1.1",
				"postcss": "^8.4.47",
				"postcss-import": "^15.1.0",
				"postcss-js": "^4.0.1",
				"postcss-load-config": "^4.0.2",
				"postcss-nested": "^6.2.0",
				"postcss-selector-parser": "^6.1.2",
				"resolve": "^1.22.8",
				"sucrase": "^3.35.0"
			},
			"bin": {
				"tailwind": "lib/cli.js",
				"tailwindcss": "lib/cli.js"
			},
			"devDependencies": {
				"@swc/cli": "0.1.62",
				"@swc/core": "1.3.55",
				"@swc/jest": "0.2.26",
				"@swc/register": "0.1.10",
				"autoprefixer": "^10.4.20",
				"browserslist": "^4.24.0",
				"concurrently": "^8.2.2",
				"cssnano": "^6.1.2",
				"esbuild": "^0.24.0",
				"eslint": "^8.57.1",
				"eslint-config-prettier": "^8.10.0",
				"eslint-plugin-prettier": "^4.2.1",
				"jest": "^29.7.0",
				"jest-diff": "^29.7.0",
				"lightningcss": "1.27.0",
				"prettier": "^2.8.8",
				"rimraf": "^5.0.10",
				"source-map-js": "^1.2.1",
				"turbo": "^1.13.4"
			},
			"engines": {
				"node": ">=14.0.0"
			}
		},
		"../node_modules/.pnpm/typescript@5.9.3/node_modules/typescript": {
			"version": "5.9.3",
			"dev": true,
			"license": "Apache-2.0",
			"bin": {
				"tsc": "bin/tsc",
				"tsserver": "bin/tsserver"
			},
			"devDependencies": {
				"@dprint/formatter": "^0.4.1",
				"@dprint/typescript": "0.93.4",
				"@esfx/canceltoken": "^1.0.0",
				"@eslint/js": "^9.20.0",
				"@octokit/rest": "^21.1.1",
				"@types/chai": "^4.3.20",
				"@types/diff": "^7.0.1",
				"@types/minimist": "^1.2.5",
				"@types/mocha": "^10.0.10",
				"@types/ms": "^0.7.34",
				"@types/node": "latest",
				"@types/source-map-support": "^0.5.10",
				"@types/which": "^3.0.4",
				"@typescript-eslint/rule-tester": "^8.24.1",
				"@typescript-eslint/type-utils": "^8.24.1",
				"@typescript-eslint/utils": "^8.24.1",
				"azure-devops-node-api": "^14.1.0",
				"c8": "^10.1.3",
				"chai": "^4.5.0",
				"chokidar": "^4.0.3",
				"diff": "^7.0.0",
				"dprint": "^0.49.0",
				"esbuild": "^0.25.0",
				"eslint": "^9.20.1",
				"eslint-formatter-autolinkable-stylish": "^1.4.0",
				"eslint-plugin-regexp": "^2.7.0",
				"fast-xml-parser": "^4.5.2",
				"glob": "^10.4.5",
				"globals": "^15.15.0",
				"hereby": "^1.10.0",
				"jsonc-parser": "^3.3.1",
				"knip": "^5.44.4",
				"minimist": "^1.2.8",
				"mocha": "^10.8.2",
				"mocha-fivemat-progress-reporter": "^0.1.0",
				"monocart-coverage-reports": "^2.12.1",
				"ms": "^2.1.3",
				"picocolors": "^1.1.1",
				"playwright": "^1.50.1",
				"source-map-support": "^0.5.21",
				"tslib": "^2.8.1",
				"typescript": "^5.7.3",
				"typescript-eslint": "^8.24.1",
				"which": "^3.0.1"
			},
			"engines": {
				"node": ">=14.17"
			}
		},
		"../node_modules/.pnpm/vite-tsconfig-paths@5.1.4_typescript@5.9.3_vite@5.4.14_@types+node@25.0.3_lightningcss@1.30.2_terser@5.16.9_/node_modules/vite-tsconfig-paths": {
			"version": "5.1.4",
			"dev": true,
			"license": "MIT",
			"dependencies": {
				"debug": "^4.1.1",
				"globrex": "^0.1.2",
				"tsconfck": "^3.0.3"
			},
			"devDependencies": {
				"@alloc/fast-rimraf": "^1.0.8",
				"@types/debug": "^4.1.5",
				"@types/globrex": "^0.1.0",
				"@types/node": "^22.2.0",
				"esbuild": "^0.11.12",
				"execa": "^9.5.1",
				"klona": "^2.0.4",
				"prettier": "^2.8.7",
				"rollup": "^2.45.2",
				"tsup": "^6.5.0",
				"typescript": "^5.7.2",
				"vite": "^6.0.2",
				"vite-tsconfig-paths": "link:.",
				"vitest": "^2.1.8"
			},
			"peerDependencies": {
				"vite": "*"
			},
			"peerDependenciesMeta": {
				"vite": {
					"optional": true
				}
			}
		},
		"../node_modules/.pnpm/vite@5.4.14_@types+node@25.0.3_lightningcss@1.30.2_terser@5.16.9/node_modules/vite": {
			"version": "5.4.14",
			"dev": true,
			"license": "MIT",
			"dependencies": {
				"esbuild": "^0.21.3",
				"postcss": "^8.4.43",
				"rollup": "^4.20.0"
			},
			"bin": {
				"vite": "bin/vite.js"
			},
			"devDependencies": {
				"@ampproject/remapping": "^2.3.0",
				"@babel/parser": "^7.25.6",
				"@jridgewell/trace-mapping": "^0.3.25",
				"@polka/compression": "^1.0.0-next.25",
				"@rollup/plugin-alias": "^5.1.0",
				"@rollup/plugin-commonjs": "^26.0.1",
				"@rollup/plugin-dynamic-import-vars": "^2.1.2",
				"@rollup/plugin-json": "^6.1.0",
				"@rollup/plugin-node-resolve": "15.2.3",
				"@rollup/pluginutils": "^5.1.0",
				"@types/escape-html": "^1.0.4",
				"@types/pnpapi": "^0.0.5",
				"artichokie": "^0.2.1",
				"cac": "^6.7.14",
				"chokidar": "^3.6.0",
				"connect": "^3.7.0",
				"convert-source-map": "^2.0.0",
				"cors": "^2.8.5",
				"cross-spawn": "^7.0.3",
				"debug": "^4.3.6",
				"dep-types": "link:./src/types",
				"dotenv": "^16.4.5",
				"dotenv-expand": "^11.0.6",
				"es-module-lexer": "^1.5.4",
				"escape-html": "^1.0.3",
				"estree-walker": "^3.0.3",
				"etag": "^1.8.1",
				"fast-glob": "^3.3.2",
				"http-proxy": "^1.18.1",
				"launch-editor-middleware": "^2.9.1",
				"lightningcss": "^1.26.0",
				"magic-string": "^0.30.11",
				"micromatch": "^4.0.8",
				"mlly": "^1.7.1",
				"mrmime": "^2.0.0",
				"open": "^8.4.2",
				"parse5": "^7.1.2",
				"pathe": "^1.1.2",
				"periscopic": "^4.0.2",
				"picocolors": "^1.0.1",
				"picomatch": "^2.3.1",
				"postcss-import": "^16.1.0",
				"postcss-load-config": "^4.0.2",
				"postcss-modules": "^6.0.0",
				"resolve.exports": "^2.0.2",
				"rollup-plugin-dts": "^6.1.1",
				"rollup-plugin-esbuild": "^6.1.1",
				"rollup-plugin-license": "^3.5.2",
				"sass": "^1.77.8",
				"sass-embedded": "^1.77.8",
				"sirv": "^2.0.4",
				"source-map-support": "^0.5.21",
				"strip-ansi": "^7.1.0",
				"strip-literal": "^2.1.0",
				"tsconfck": "^3.1.4",
				"tslib": "^2.7.0",
				"types": "link:./types",
				"ufo": "^1.5.4",
				"ws": "^8.18.0"
			},
			"engines": {
				"node": "^18.0.0 || >=20.0.0"
			},
			"funding": {
				"url": "https://github.com/vitejs/vite?sponsor=1"
			},
			"optionalDependencies": {
				"fsevents": "~2.3.3"
			},
			"peerDependencies": {
				"@types/node": "^18.0.0 || >=20.0.0",
				"less": "*",
				"lightningcss": "^1.21.0",
				"sass": "*",
				"sass-embedded": "*",
				"stylus": "*",
				"sugarss": "*",
				"terser": "^5.4.0"
			},
			"peerDependenciesMeta": {
				"@types/node": {
					"optional": true
				},
				"less": {
					"optional": true
				},
				"lightningcss": {
					"optional": true
				},
				"sass": {
					"optional": true
				},
				"sass-embedded": {
					"optional": true
				},
				"stylus": {
					"optional": true
				},
				"sugarss": {
					"optional": true
				},
				"terser": {
					"optional": true
				}
			}
		},
		"../node_modules/.pnpm/wrangler@3.114.15_@cloudflare+workers-types@4.20260507.1_bufferutil@4.0.9_utf-8-validate@5.0.10/node_modules/wrangler": {
			"version": "3.114.15",
			"dev": true,
			"license": "MIT OR Apache-2.0",
			"dependencies": {
				"@cloudflare/kv-asset-handler": "0.3.4",
				"@cloudflare/unenv-preset": "2.0.2",
				"@esbuild-plugins/node-globals-polyfill": "0.2.3",
				"@esbuild-plugins/node-modules-polyfill": "0.2.2",
				"blake3-wasm": "2.1.5",
				"esbuild": "0.17.19",
				"miniflare": "3.20250718.2",
				"path-to-regexp": "6.3.0",
				"unenv": "2.0.0-rc.14",
				"workerd": "1.20250718.0"
			},
			"bin": {
				"wrangler": "bin/wrangler.js",
				"wrangler2": "bin/wrangler.js"
			},
			"devDependencies": {
				"@aws-sdk/client-s3": "^3.721.0",
				"@cloudflare/cli": "1.1.1",
				"@cloudflare/eslint-config-worker": "1.1.0",
				"@cloudflare/pages-shared": "0.13.21",
				"@cloudflare/types": "6.18.4",
				"@cloudflare/workers-shared": "0.15.1",
				"@cloudflare/workers-tsconfig": "0.0.0",
				"@cloudflare/workers-types": "^4.20250408.0",
				"@cspotcode/source-map-support": "0.8.1",
				"@iarna/toml": "^3.0.0",
				"@microsoft/api-extractor": "^7.47.0",
				"@sentry/node": "^7.86.0",
				"@sentry/types": "^7.86.0",
				"@sentry/utils": "^7.86.0",
				"@types/command-exists": "^1.2.0",
				"@types/glob-to-regexp": "^0.4.1",
				"@types/is-ci": "^3.0.0",
				"@types/javascript-time-ago": "^2.0.3",
				"@types/mime": "^3.0.4",
				"@types/minimatch": "^5.1.2",
				"@types/node": "^18.19.75",
				"@types/node-forge": "^1.3.11",
				"@types/prompts": "^2.0.14",
				"@types/resolve": "^1.20.6",
				"@types/shell-quote": "^1.7.2",
				"@types/signal-exit": "^3.0.1",
				"@types/supports-color": "^8.1.1",
				"@types/ws": "^8.5.7",
				"@types/yargs": "^17.0.22",
				"@vitest/ui": "~3.0.5",
				"@webcontainer/env": "^1.1.0",
				"chalk": "^5.2.0",
				"chokidar": "^4.0.1",
				"cli-table3": "^0.6.3",
				"cmd-shim": "^4.1.0",
				"command-exists": "^1.2.9",
				"concurrently": "^8.2.2",
				"date-fns": "^4.1.0",
				"devtools-protocol": "^0.0.1182435",
				"dotenv": "^16.3.1",
				"execa": "^6.1.0",
				"find-up": "^6.3.0",
				"get-port": "^7.0.0",
				"glob-to-regexp": "^0.4.1",
				"https-proxy-agent": "7.0.2",
				"is-ci": "^3.0.1",
				"itty-time": "^1.0.6",
				"javascript-time-ago": "^2.5.4",
				"md5-file": "5.0.0",
				"mime": "^3.0.0",
				"minimatch": "^5.1.0",
				"mock-socket": "^9.3.1",
				"msw": "2.4.3",
				"node-forge": "^1.3.1",
				"open": "^8.4.0",
				"p-queue": "^7.2.0",
				"patch-console": "^1.0.0",
				"pretty-bytes": "^6.0.0",
				"prompts": "^2.4.2",
				"resolve": "^1.22.8",
				"rimraf": "^5.0.10",
				"selfsigned": "^2.0.1",
				"semiver": "^1.1.0",
				"shell-quote": "^1.8.1",
				"signal-exit": "^3.0.7",
				"source-map": "^0.6.1",
				"strip-ansi": "^7.1.0",
				"supports-color": "^9.2.2",
				"timeago.js": "^4.0.2",
				"ts-dedent": "^2.2.0",
				"ts-json-schema-generator": "^1.5.0",
				"typescript": "^5.7.2",
				"undici": "^5.28.5",
				"update-check": "^1.5.4",
				"vitest": "~3.0.5",
				"vitest-websocket-mock": "^0.4.0",
				"ws": "8.18.0",
				"xdg-app-paths": "^8.3.0",
				"xxhash-wasm": "^1.0.1",
				"yargs": "^17.7.2"
			},
			"engines": {
				"node": ">=16.17.0"
			},
			"optionalDependencies": {
				"fsevents": "~2.3.2",
				"sharp": "^0.33.5"
			},
			"peerDependencies": {
				"@cloudflare/workers-types": "^4.20250408.0"
			},
			"peerDependenciesMeta": {
				"@cloudflare/workers-types": {
					"optional": true
				}
			}
		},
		"node_modules/@cloudflare/workers-types": {
			"resolved": "../node_modules/.pnpm/@cloudflare+workers-types@4.20260507.1/node_modules/@cloudflare/workers-types",
			"link": true
		},
		"node_modules/@remix-run/cloudflare": {
			"resolved": "../node_modules/.pnpm/@remix-run+cloudflare@2.17.2_@cloudflare+workers-types@4.20260507.1_typescript@5.9.3/node_modules/@remix-run/cloudflare",
			"link": true
		},
		"node_modules/@remix-run/dev": {
			"resolved": "../node_modules/.pnpm/@remix-run+dev@2.17.2_@remix-run+react@2.17.2_react-dom@18.3.1_react@18.3.1__react@18.3_76c2c09ad4b9ffac2fabceeaf288b78a/node_modules/@remix-run/dev",
			"link": true
		},
		"node_modules/@remix-run/react": {
			"resolved": "../node_modules/.pnpm/@remix-run+react@2.17.2_react-dom@18.3.1_react@18.3.1__react@18.3.1_typescript@5.9.3/node_modules/@remix-run/react",
			"link": true
		},
		"node_modules/@remix-run/server-runtime": {
			"resolved": "../node_modules/.pnpm/@remix-run+server-runtime@2.17.2_typescript@5.9.3/node_modules/@remix-run/server-runtime",
			"link": true
		},
		"node_modules/@types/react": {
			"resolved": "../node_modules/.pnpm/@types+react@18.3.23/node_modules/@types/react",
			"link": true
		},
		"node_modules/@types/react-dom": {
			"resolved": "../node_modules/.pnpm/@types+react-dom@18.3.7_@types+react@18.3.23/node_modules/@types/react-dom",
			"link": true
		},
		"node_modules/@typescript-eslint/eslint-plugin": {
			"resolved": "../node_modules/.pnpm/@typescript-eslint+eslint-plugin@8.50.0_@typescript-eslint+parser@8.50.0_eslint@9.39.2__e4ed4129f8168750a0d0df84978e1119/node_modules/@typescript-eslint/eslint-plugin",
			"link": true
		},
		"node_modules/@typescript-eslint/parser": {
			"resolved": "../node_modules/.pnpm/@typescript-eslint+parser@8.50.0_eslint@9.39.2_jiti@2.6.1__typescript@5.9.3/node_modules/@typescript-eslint/parser",
			"link": true
		},
		"node_modules/autoprefixer": {
			"resolved": "../node_modules/.pnpm/autoprefixer@10.4.22_postcss@8.5.6/node_modules/autoprefixer",
			"link": true
		},
		"node_modules/eslint": {
			"resolved": "../node_modules/.pnpm/eslint@9.39.2_jiti@2.6.1/node_modules/eslint",
			"link": true
		},
		"node_modules/eslint-import-resolver-typescript": {
			"resolved": "../node_modules/.pnpm/eslint-import-resolver-typescript@4.4.4_eslint-plugin-import@2.32.0_eslint@9.39.2_jiti@2.6.1_/node_modules/eslint-import-resolver-typescript",
			"link": true
		},
		"node_modules/eslint-plugin-import": {
			"resolved": "../node_modules/.pnpm/eslint-plugin-import@2.32.0_@typescript-eslint+parser@8.50.0_eslint@9.39.2_jiti@2.6.1___0f4412e7a11b85bef62f665613263b36/node_modules/eslint-plugin-import",
			"link": true
		},
		"node_modules/eslint-plugin-jsx-a11y": {
			"resolved": "../node_modules/.pnpm/eslint-plugin-jsx-a11y@6.10.2_eslint@9.39.2_jiti@2.6.1_/node_modules/eslint-plugin-jsx-a11y",
			"link": true
		},
		"node_modules/eslint-plugin-react": {
			"resolved": "../node_modules/.pnpm/eslint-plugin-react@7.37.5_eslint@9.39.2_jiti@2.6.1_/node_modules/eslint-plugin-react",
			"link": true
		},
		"node_modules/eslint-plugin-react-hooks": {
			"resolved": "../node_modules/.pnpm/eslint-plugin-react-hooks@7.0.1_eslint@9.39.2_jiti@2.6.1_/node_modules/eslint-plugin-react-hooks",
			"link": true
		},
		"node_modules/isbot": {
			"resolved": "../node_modules/.pnpm/isbot@5.1.32/node_modules/isbot",
			"link": true
		},
		"node_modules/postcss": {
			"resolved": "../node_modules/.pnpm/postcss@8.5.6/node_modules/postcss",
			"link": true
		},
		"node_modules/react": {
			"resolved": "../node_modules/.pnpm/react@18.3.1/node_modules/react",
			"link": true
		},
		"node_modules/react-dom": {
			"resolved": "../node_modules/.pnpm/react-dom@18.3.1_react@18.3.1/node_modules/react-dom",
			"link": true
		},
		"node_modules/tailwindcss": {
			"resolved": "../node_modules/.pnpm/tailwindcss@3.4.17/node_modules/tailwindcss",
			"link": true
		},
		"node_modules/typescript": {
			"resolved": "../node_modules/.pnpm/typescript@5.9.3/node_modules/typescript",
			"link": true
		},
		"node_modules/vite": {
			"resolved": "../node_modules/.pnpm/vite@5.4.14_@types+node@25.0.3_lightningcss@1.30.2_terser@5.16.9/node_modules/vite",
			"link": true
		},
		"node_modules/vite-tsconfig-paths": {
			"resolved": "../node_modules/.pnpm/vite-tsconfig-paths@5.1.4_typescript@5.9.3_vite@5.4.14_@types+node@25.0.3_lightningcss@1.30.2_terser@5.16.9_/node_modules/vite-tsconfig-paths",
			"link": true
		},
		"node_modules/wrangler": {
			"resolved": "../node_modules/.pnpm/wrangler@3.114.15_@cloudflare+workers-types@4.20260507.1_bufferutil@4.0.9_utf-8-validate@5.0.10/node_modules/wrangler",
			"link": true
		}
	}
}
