{
	"name": "sellerfeeds-personal-mcp-template",
	"lockfileVersion": 3,
	"requires": true,
	"packages": {
		"": {
			"name": "sellerfeeds-personal-mcp-template",
			"devDependencies": {
				"@cloudflare/vitest-pool-workers": "0.21.3",
				"vitest": "4.1.10",
				"wrangler": "4.136.1"
			}
		},
		"../node_modules/.pnpm/@cloudflare+vitest-pool-workers@0.21.3_@cloudflare+workers-types@5.20260814.1_@vitest+r_a2cef979ed67e9b0f52a625e9914577b/node_modules/@cloudflare/vitest-pool-workers": {
			"version": "0.21.3",
			"dev": true,
			"license": "MIT",
			"dependencies": {
				"cjs-module-lexer": "1.2.3",
				"esbuild": "0.28.1",
				"miniflare": "5.20260811.1-alpha",
				"wrangler": "4.123.0",
				"zod": "4.4.3"
			},
			"devDependencies": {
				"@cloudflare/mock-npm-registry": "0.0.0",
				"@cloudflare/remote-bindings": "0.0.12",
				"@cloudflare/workers-tsconfig": "0.0.0",
				"@cloudflare/workers-types": "^5.20260811.1",
				"@cloudflare/workers-utils": "0.33.0",
				"@cloudflare/workflows-shared": "0.12.2",
				"@types/jscodeshift": "^17.3.0",
				"@types/node": "22.15.17",
				"@types/semver": "^7.5.1",
				"@vitest/runner": "4.1.0",
				"@vitest/snapshot": "4.1.0",
				"birpc": "0.2.14",
				"capnp-es": "0.0.15",
				"devalue": "^5.6.3",
				"get-port": "^7.1.0",
				"jscodeshift": "^17.3.0",
				"semver": "^7.7.1",
				"tree-kill": "1.2.2",
				"ts-dedent": "^2.2.0",
				"tsdown": "0.16.3",
				"typescript": "5.8.3",
				"undici": "7.29.0",
				"vitest": "4.1.0"
			},
			"peerDependencies": {
				"@vitest/runner": "^4.1.0",
				"@vitest/snapshot": "^4.1.0",
				"vitest": "^4.1.0"
			}
		},
		"../node_modules/.pnpm/vitest@4.1.10_@opentelemetry+api@1.9.0_@types+node@24.10.1_vite@7.3.0_@types+node@24.10_472127c9a7c543d3bc42dac97c69a76d/node_modules/vitest": {
			"version": "4.1.10",
			"dev": true,
			"license": "MIT",
			"dependencies": {
				"@vitest/expect": "4.1.10",
				"@vitest/mocker": "4.1.10",
				"@vitest/pretty-format": "4.1.10",
				"@vitest/runner": "4.1.10",
				"@vitest/snapshot": "4.1.10",
				"@vitest/spy": "4.1.10",
				"@vitest/utils": "4.1.10",
				"es-module-lexer": "^2.0.0",
				"expect-type": "^1.3.0",
				"magic-string": "^0.30.21",
				"obug": "^2.1.1",
				"pathe": "^2.0.3",
				"picomatch": "^4.0.3",
				"std-env": "^4.0.0-rc.1",
				"tinybench": "^2.9.0",
				"tinyexec": "^1.0.2",
				"tinyglobby": "^0.2.15",
				"tinyrainbow": "^3.1.0",
				"vite": "^6.0.0 || ^7.0.0 || ^8.0.0",
				"why-is-node-running": "^2.3.0"
			},
			"bin": {
				"vitest": "vitest.mjs"
			},
			"devDependencies": {
				"@antfu/install-pkg": "^1.1.0",
				"@bomb.sh/tab": "^0.0.14",
				"@edge-runtime/vm": "^5.0.0",
				"@jridgewell/trace-mapping": "0.3.31",
				"@opentelemetry/api": "^1.9.0",
				"@sinonjs/fake-timers": "15.0.0",
				"@types/estree": "^1.0.8",
				"@types/istanbul-lib-coverage": "^2.0.6",
				"@types/istanbul-reports": "^3.0.4",
				"@types/jsdom": "^27.0.0",
				"@types/node": "^24.12.0",
				"@types/picomatch": "^4.0.2",
				"@types/prompts": "^2.4.9",
				"@types/sinonjs__fake-timers": "^15.0.1",
				"acorn": "8.11.3",
				"acorn-walk": "^8.3.5",
				"birpc": "^4.0.0",
				"cac": "^6.7.14",
				"empathic": "^2.0.0",
				"flatted": "^3.4.2",
				"happy-dom": "^20.8.3",
				"jsdom": "^27.4.0",
				"local-pkg": "^1.1.2",
				"mime": "^4.1.0",
				"prompts": "^2.4.2",
				"strip-literal": "^3.1.0",
				"tinyhighlight": "^0.3.2",
				"ws": "^8.19.0"
			},
			"engines": {
				"node": "^20.0.0 || ^22.0.0 || >=24.0.0"
			},
			"funding": {
				"url": "https://opencollective.com/vitest"
			},
			"peerDependencies": {
				"@edge-runtime/vm": "*",
				"@opentelemetry/api": "^1.9.0",
				"@types/node": "^20.0.0 || ^22.0.0 || >=24.0.0",
				"@vitest/browser-playwright": "4.1.10",
				"@vitest/browser-preview": "4.1.10",
				"@vitest/browser-webdriverio": "4.1.10",
				"@vitest/coverage-istanbul": "4.1.10",
				"@vitest/coverage-v8": "4.1.10",
				"@vitest/ui": "4.1.10",
				"happy-dom": "*",
				"jsdom": "*",
				"vite": "^6.0.0 || ^7.0.0 || ^8.0.0"
			},
			"peerDependenciesMeta": {
				"@edge-runtime/vm": {
					"optional": true
				},
				"@opentelemetry/api": {
					"optional": true
				},
				"@types/node": {
					"optional": true
				},
				"@vitest/browser-playwright": {
					"optional": true
				},
				"@vitest/browser-preview": {
					"optional": true
				},
				"@vitest/browser-webdriverio": {
					"optional": true
				},
				"@vitest/coverage-istanbul": {
					"optional": true
				},
				"@vitest/coverage-v8": {
					"optional": true
				},
				"@vitest/ui": {
					"optional": true
				},
				"happy-dom": {
					"optional": true
				},
				"jsdom": {
					"optional": true
				},
				"vite": {
					"optional": false
				}
			}
		},
		"../node_modules/.pnpm/wrangler@4.136.1_@cloudflare+workers-types@5.20260902.1_@types+node@24.10.1_bufferutil@4.0.9_utf-8-validate@5.0.10/node_modules/wrangler": {
			"version": "4.136.1",
			"dev": true,
			"license": "MIT OR Apache-2.0",
			"dependencies": {
				"@cloudflare/kv-asset-handler": "0.5.0",
				"@cloudflare/unenv-preset": "2.16.2",
				"blake3-wasm": "2.1.5",
				"esbuild": "0.28.1",
				"miniflare": "5.20260921.0-alpha",
				"path-to-regexp": "6.3.0",
				"unenv": "2.0.0-rc.24",
				"workerd": "1.20260921.1"
			},
			"bin": {
				"cf-wrangler": "bin/cf-wrangler.js",
				"wrangler": "bin/wrangler.js",
				"wrangler2": "bin/wrangler.js"
			},
			"devDependencies": {
				"@aws-sdk/client-s3": "^3.721.0",
				"@aws-sdk/s3-request-presigner": "^3.721.0",
				"@bomb.sh/tab": "^0.0.12",
				"@cloudflare/autoconfig": "0.6.0",
				"@cloudflare/build-output-utils": "0.7.0",
				"@cloudflare/cli-shared-helpers": "0.1.35",
				"@cloudflare/config": "0.16.0",
				"@cloudflare/containers-shared": "0.18.0",
				"@cloudflare/deploy-helpers": "0.14.0",
				"@cloudflare/pages-functions": "0.1.0",
				"@cloudflare/pages-shared": "^0.13.186",
				"@cloudflare/remote-bindings": "0.0.29",
				"@cloudflare/runtime-types": "0.0.31",
				"@cloudflare/shared-ast-primitives": "1.1.0",
				"@cloudflare/types": "6.18.4",
				"@cloudflare/workers-auth": "0.7.4",
				"@cloudflare/workers-shared": "0.19.9",
				"@cloudflare/workers-tsconfig": "0.0.0",
				"@cloudflare/workers-types": "^5.20260921.1",
				"@cloudflare/workers-utils": "0.41.0",
				"@cloudflare/workflows-shared": "0.14.0",
				"@cspotcode/source-map-support": "0.8.1",
				"@netlify/build-info": "10.5.1",
				"@sentry/node": "^7.86.0",
				"@sentry/types": "^7.86.0",
				"@sentry/utils": "^7.86.0",
				"@types/command-exists": "^1.2.0",
				"@types/esprima": "^4.0.3",
				"@types/glob-to-regexp": "^0.4.1",
				"@types/javascript-time-ago": "^2.0.3",
				"@types/mime": "^3.0.4",
				"@types/minimatch": "^5.1.2",
				"@types/node": "22.15.17",
				"@types/node-forge": "^1.3.11",
				"@types/prompts": "^2.0.14",
				"@types/resolve": "^1.20.6",
				"@types/shell-quote": "^1.7.2",
				"@types/supports-color": "^8.1.1",
				"@types/ws": "^8.5.7",
				"@types/yargs": "^17.0.22",
				"@vitest/ui": "4.1.0",
				"@webcontainer/env": "^1.1.0",
				"am-i-vibing": "^0.5.0",
				"capnweb": "0.5.0",
				"chalk": "5.3.0",
				"chokidar": "^4.0.1",
				"ci-info": "4.4.0",
				"cli-table3": "^0.6.3",
				"cloudflare": "^5.2.0",
				"cmd-shim": "^4.1.0",
				"command-exists": "1.2.9",
				"concurrently": "^8.2.2",
				"date-fns": "^4.1.0",
				"devtools-protocol": "^0.0.1182435",
				"dotenv": "16.3.1",
				"dotenv-expand": "^12.0.2",
				"empathic": "^2.0.0",
				"esprima": "4.0.1",
				"get-port": "^7.0.0",
				"glob-to-regexp": "^0.4.1",
				"https-proxy-agent": "7.0.2",
				"itty-time": "^1.0.6",
				"javascript-time-ago": "^2.5.4",
				"jsonc-parser": "3.2.0",
				"md5-file": "5.0.0",
				"mime": "^3.0.0",
				"minimatch": "^5.1.0",
				"mock-socket": "^9.3.1",
				"msw": "2.14.6",
				"node-forge": "^1.3.2",
				"open": "11.0.0",
				"p-queue": "^9.0.0",
				"patch-console": "^1.0.0",
				"pretty-bytes": "^6.0.0",
				"prompts": "^2.4.2",
				"qr": "^0.6.0",
				"recast": "0.23.11",
				"resolve": "^1.22.8",
				"rosie-skills": "^0.8.1",
				"semiver": "^1.1.0",
				"shell-quote": "^1.9.0",
				"signal-exit": "4.1.0",
				"smol-toml": "1.5.2",
				"supports-color": "^9.2.2",
				"timeago.js": "4.0.2",
				"tinyexec": "^1.2.4",
				"tree-kill": "1.2.2",
				"ts-dedent": "^2.2.0",
				"ts-json-schema-generator": "^1.5.0",
				"tsdown": "0.16.3",
				"tsup": "8.3.0",
				"typescript": "5.8.3",
				"undici": "7.29.0",
				"vitest": "4.1.0",
				"vitest-websocket-mock": "^0.4.0",
				"ws": "8.21.0",
				"xxhash-wasm": "^1.0.1",
				"yaml": "^2.8.1",
				"yargs": "^17.7.2",
				"zod": "4.4.3"
			},
			"engines": {
				"node": ">=22.0.0"
			},
			"optionalDependencies": {
				"fsevents": "2.3.3"
			},
			"peerDependencies": {
				"@cloudflare/workers-types": "^5.20260921.1"
			},
			"peerDependenciesMeta": {
				"@cloudflare/workers-types": {
					"optional": true
				}
			}
		},
		"node_modules/@cloudflare/vitest-pool-workers": {
			"resolved": "../node_modules/.pnpm/@cloudflare+vitest-pool-workers@0.21.3_@cloudflare+workers-types@5.20260814.1_@vitest+r_a2cef979ed67e9b0f52a625e9914577b/node_modules/@cloudflare/vitest-pool-workers",
			"link": true
		},
		"node_modules/vitest": {
			"resolved": "../node_modules/.pnpm/vitest@4.1.10_@opentelemetry+api@1.9.0_@types+node@24.10.1_vite@7.3.0_@types+node@24.10_472127c9a7c543d3bc42dac97c69a76d/node_modules/vitest",
			"link": true
		},
		"node_modules/wrangler": {
			"resolved": "../node_modules/.pnpm/wrangler@4.136.1_@cloudflare+workers-types@5.20260902.1_@types+node@24.10.1_bufferutil@4.0.9_utf-8-validate@5.0.10/node_modules/wrangler",
			"link": true
		}
	}
}
