{
	"name": "hyperframes-template",
	"version": "0.1.0",
	"lockfileVersion": 3,
	"requires": true,
	"packages": {
		"": {
			"name": "hyperframes-template",
			"version": "0.1.0",
			"dependencies": {
				"@cloudflare/containers": "0.0.30",
				"@hyperframes/core": "0.5.3",
				"@hyperframes/player": "0.5.3"
			},
			"devDependencies": {
				"@cloudflare/workers-types": "4.20260426.1",
				"tsx": "4.21.0",
				"typescript": "5.9.3",
				"wrangler": "4.56.0"
			},
			"engines": {
				"node": ">=22"
			}
		},
		"node_modules/@chenglou/pretext": {
			"version": "0.0.5",
			"resolved": "https://registry.npmjs.org/@chenglou/pretext/-/pretext-0.0.5.tgz",
			"integrity": "sha512-A8GZN10REdFGsyuiUgLV8jjPDDFMg5GmgxGWV0I3igxBOnzj+jgz2VMmVD7g+SFyoctfeqHFxbNatKSzVRWtRg==",
			"license": "MIT"
		},
		"node_modules/@cloudflare/containers": {
			"version": "0.0.30",
			"resolved": "https://registry.npmjs.org/@cloudflare/containers/-/containers-0.0.30.tgz",
			"integrity": "sha512-i148xBgmyn/pje82ZIyuTr/Ae0BT/YWwa1/GTJcw6DxEjUHAzZLaBCiX446U9OeuJ2rBh/L/9FIzxX5iYNt1AQ==",
			"license": "ISC"
		},
		"node_modules/@cloudflare/kv-asset-handler": {
			"version": "0.4.1",
			"resolved": "https://registry.npmjs.org/@cloudflare/kv-asset-handler/-/kv-asset-handler-0.4.1.tgz",
			"integrity": "sha512-Nu8ahitGFFJztxUml9oD/DLb7Z28C8cd8F46IVQ7y5Btz575pvMY8AqZsXkX7Gds29eCKdMgIHjIvzskHgPSFg==",
			"dev": true,
			"license": "MIT OR Apache-2.0",
			"dependencies": {
				"mime": "^3.0.0"
			},
			"engines": {
				"node": ">=18.0.0"
			}
		},
		"node_modules/@cloudflare/unenv-preset": {
			"version": "2.7.13",
			"resolved": "https://registry.npmjs.org/@cloudflare/unenv-preset/-/unenv-preset-2.7.13.tgz",
			"integrity": "sha512-NulO1H8R/DzsJguLC0ndMuk4Ufv0KSlN+E54ay9rn9ZCQo0kpAPwwh3LhgpZ96a3Dr6L9LqW57M4CqC34iLOvw==",
			"dev": true,
			"license": "MIT OR Apache-2.0",
			"peerDependencies": {
				"unenv": "2.0.0-rc.24",
				"workerd": "^1.20251202.0"
			},
			"peerDependenciesMeta": {
				"workerd": {
					"optional": true
				}
			}
		},
		"node_modules/@cloudflare/workerd-linux-64": {
			"version": "1.20251217.0",
			"resolved": "https://registry.npmjs.org/@cloudflare/workerd-linux-64/-/workerd-linux-64-1.20251217.0.tgz",
			"integrity": "sha512-uoPGhMaZVXPpCsU0oG3HQzyVpXCGi5rU+jcHRjUI7DXM4EwctBGvZ380Knkja36qtl+ZvSKVR1pUFSGdK+45Pg==",
			"cpu": [
				"x64"
			],
			"dev": true,
			"license": "Apache-2.0",
			"optional": true,
			"os": [
				"linux"
			],
			"engines": {
				"node": ">=16"
			}
		},
		"node_modules/@cloudflare/workers-types": {
			"version": "4.20260426.1",
			"resolved": "https://registry.npmjs.org/@cloudflare/workers-types/-/workers-types-4.20260426.1.tgz",
			"integrity": "sha512-cBYeQaWwv/jFV8ualmwp6wIxmAf0rDe2DPPQwPbslKmPHqgv861YpAvm45r05K40QboZgxNQVIPgNkmtHqZeJQ==",
			"dev": true,
			"license": "MIT OR Apache-2.0"
		},
		"node_modules/@cspotcode/source-map-support": {
			"version": "0.8.1",
			"resolved": "https://registry.npmjs.org/@cspotcode/source-map-support/-/source-map-support-0.8.1.tgz",
			"integrity": "sha512-IchNf6dN4tHoMFIn/7OE8LWZ19Y6q/67Bmf6vnGREv8RSbBVb9LPJxEcnwrcwX6ixSvaiGoomAUvu4YSxXrVgw==",
			"dev": true,
			"license": "MIT",
			"dependencies": {
				"@jridgewell/trace-mapping": "0.3.9"
			},
			"engines": {
				"node": ">=12"
			}
		},
		"node_modules/@esbuild/linux-x64": {
			"version": "0.25.12",
			"resolved": "https://registry.npmjs.org/@esbuild/linux-x64/-/linux-x64-0.25.12.tgz",
			"integrity": "sha512-uqZMTLr/zR/ed4jIGnwSLkaHmPjOjJvnm6TVVitAa08SLS9Z0VM8wIRx7gWbJB5/J54YuIMInDquWyYvQLZkgw==",
			"cpu": [
				"x64"
			],
			"license": "MIT",
			"optional": true,
			"os": [
				"linux"
			],
			"engines": {
				"node": ">=18"
			}
		},
		"node_modules/@hyperframes/core": {
			"version": "0.5.3",
			"resolved": "https://registry.npmjs.org/@hyperframes/core/-/core-0.5.3.tgz",
			"integrity": "sha512-ezChBRy4yDyHJIQzUucrdSlDtVNgABiOMQxTVFN++aSCeuPqjFotlxmq4MinuOjd8l9hYjXQYoiOMIQpmiMgTA==",
			"dependencies": {
				"@chenglou/pretext": "^0.0.5",
				"postcss": "^8.5.8"
			},
			"optionalDependencies": {
				"esbuild": "^0.25.12",
				"linkedom": "^0.18.12"
			},
			"peerDependencies": {
				"hono": "^4.0.0"
			},
			"peerDependenciesMeta": {
				"hono": {
					"optional": true
				}
			}
		},
		"node_modules/@hyperframes/player": {
			"version": "0.5.3",
			"resolved": "https://registry.npmjs.org/@hyperframes/player/-/player-0.5.3.tgz",
			"integrity": "sha512-shFElOT+AXRppHx8heyMOPLqugU84qBDJaVaZFE2ZGyd1oMbk/PeynClzO5D5u0EoNrs7vCJbqnypBMiaXIhWA=="
		},
		"node_modules/@img/sharp-libvips-linux-x64": {
			"version": "1.0.4",
			"resolved": "https://registry.npmjs.org/@img/sharp-libvips-linux-x64/-/sharp-libvips-linux-x64-1.0.4.tgz",
			"integrity": "sha512-MmWmQ3iPFZr0Iev+BAgVMb3ZyC4KeFc3jFxnNbEPas60e1cIfevbtuyf9nDGIzOaW9PdnDciJm+wFFaTlj5xYw==",
			"cpu": [
				"x64"
			],
			"dev": true,
			"license": "LGPL-3.0-or-later",
			"optional": true,
			"os": [
				"linux"
			],
			"funding": {
				"url": "https://opencollective.com/libvips"
			}
		},
		"node_modules/@img/sharp-libvips-linuxmusl-x64": {
			"version": "1.0.4",
			"resolved": "https://registry.npmjs.org/@img/sharp-libvips-linuxmusl-x64/-/sharp-libvips-linuxmusl-x64-1.0.4.tgz",
			"integrity": "sha512-viYN1KX9m+/hGkJtvYYp+CCLgnJXwiQB39damAO7WMdKWlIhmYTfHjwSbQeUK/20vY154mwezd9HflVFM1wVSw==",
			"cpu": [
				"x64"
			],
			"dev": true,
			"license": "LGPL-3.0-or-later",
			"optional": true,
			"os": [
				"linux"
			],
			"funding": {
				"url": "https://opencollective.com/libvips"
			}
		},
		"node_modules/@img/sharp-linux-x64": {
			"version": "0.33.5",
			"resolved": "https://registry.npmjs.org/@img/sharp-linux-x64/-/sharp-linux-x64-0.33.5.tgz",
			"integrity": "sha512-opC+Ok5pRNAzuvq1AG0ar+1owsu842/Ab+4qvU879ippJBHvyY5n2mxF1izXqkPYlGuP/M556uh53jRLJmzTWA==",
			"cpu": [
				"x64"
			],
			"dev": true,
			"license": "Apache-2.0",
			"optional": true,
			"os": [
				"linux"
			],
			"engines": {
				"node": "^18.17.0 || ^20.3.0 || >=21.0.0"
			},
			"funding": {
				"url": "https://opencollective.com/libvips"
			},
			"optionalDependencies": {
				"@img/sharp-libvips-linux-x64": "1.0.4"
			}
		},
		"node_modules/@img/sharp-linuxmusl-x64": {
			"version": "0.33.5",
			"resolved": "https://registry.npmjs.org/@img/sharp-linuxmusl-x64/-/sharp-linuxmusl-x64-0.33.5.tgz",
			"integrity": "sha512-WT+d/cgqKkkKySYmqoZ8y3pxx7lx9vVejxW/W4DOFMYVSkErR+w7mf2u8m/y4+xHe7yY9DAXQMWQhpnMuFfScw==",
			"cpu": [
				"x64"
			],
			"dev": true,
			"license": "Apache-2.0",
			"optional": true,
			"os": [
				"linux"
			],
			"engines": {
				"node": "^18.17.0 || ^20.3.0 || >=21.0.0"
			},
			"funding": {
				"url": "https://opencollective.com/libvips"
			},
			"optionalDependencies": {
				"@img/sharp-libvips-linuxmusl-x64": "1.0.4"
			}
		},
		"node_modules/@jridgewell/resolve-uri": {
			"version": "3.1.2",
			"resolved": "https://registry.npmjs.org/@jridgewell/resolve-uri/-/resolve-uri-3.1.2.tgz",
			"integrity": "sha512-bRISgCIjP20/tbWSPWMEi54QVPRZExkuD9lJL+UIxUKtwVJA8wW1Trb1jMs1RFXo1CBTNZ/5hpC9QvmKWdopKw==",
			"dev": true,
			"license": "MIT",
			"engines": {
				"node": ">=6.0.0"
			}
		},
		"node_modules/@jridgewell/sourcemap-codec": {
			"version": "1.5.5",
			"resolved": "https://registry.npmjs.org/@jridgewell/sourcemap-codec/-/sourcemap-codec-1.5.5.tgz",
			"integrity": "sha512-cYQ9310grqxueWbl+WuIUIaiUaDcj7WOq5fVhEljNVgRfOUhY9fy2zTvfoqWsnebh8Sl70VScFbICvJnLKB0Og==",
			"dev": true,
			"license": "MIT"
		},
		"node_modules/@jridgewell/trace-mapping": {
			"version": "0.3.9",
			"resolved": "https://registry.npmjs.org/@jridgewell/trace-mapping/-/trace-mapping-0.3.9.tgz",
			"integrity": "sha512-3Belt6tdc8bPgAtbcmdtNJlirVoTmEb5e2gC94PnkwEW9jI6CAHUeoG85tjWP5WquqfavoMtMwiG4P926ZKKuQ==",
			"dev": true,
			"license": "MIT",
			"dependencies": {
				"@jridgewell/resolve-uri": "^3.0.3",
				"@jridgewell/sourcemap-codec": "^1.4.10"
			}
		},
		"node_modules/@poppinss/colors": {
			"version": "4.1.6",
			"resolved": "https://registry.npmjs.org/@poppinss/colors/-/colors-4.1.6.tgz",
			"integrity": "sha512-H9xkIdFswbS8n1d6vmRd8+c10t2Qe+rZITbbDHHkQixH5+2x1FDGmi/0K+WgWiqQFKPSlIYB7jlH6Kpfn6Fleg==",
			"dev": true,
			"license": "MIT",
			"dependencies": {
				"kleur": "^4.1.5"
			}
		},
		"node_modules/@poppinss/dumper": {
			"version": "0.6.5",
			"resolved": "https://registry.npmjs.org/@poppinss/dumper/-/dumper-0.6.5.tgz",
			"integrity": "sha512-NBdYIb90J7LfOI32dOewKI1r7wnkiH6m920puQ3qHUeZkxNkQiFnXVWoE6YtFSv6QOiPPf7ys6i+HWWecDz7sw==",
			"dev": true,
			"license": "MIT",
			"dependencies": {
				"@poppinss/colors": "^4.1.5",
				"@sindresorhus/is": "^7.0.2",
				"supports-color": "^10.0.0"
			}
		},
		"node_modules/@poppinss/exception": {
			"version": "1.2.3",
			"resolved": "https://registry.npmjs.org/@poppinss/exception/-/exception-1.2.3.tgz",
			"integrity": "sha512-dCED+QRChTVatE9ibtoaxc+WkdzOSjYTKi/+uacHWIsfodVfpsueo3+DKpgU5Px8qXjgmXkSvhXvSCz3fnP9lw==",
			"dev": true,
			"license": "MIT"
		},
		"node_modules/@sindresorhus/is": {
			"version": "7.2.0",
			"resolved": "https://registry.npmjs.org/@sindresorhus/is/-/is-7.2.0.tgz",
			"integrity": "sha512-P1Cz1dWaFfR4IR+U13mqqiGsLFf1KbayybWwdd2vfctdV6hDpUkgCY0nKOLLTMSoRd/jJNjtbqzf13K8DCCXQw==",
			"dev": true,
			"license": "MIT",
			"engines": {
				"node": ">=18"
			},
			"funding": {
				"url": "https://github.com/sindresorhus/is?sponsor=1"
			}
		},
		"node_modules/@speed-highlight/core": {
			"version": "1.2.15",
			"resolved": "https://registry.npmjs.org/@speed-highlight/core/-/core-1.2.15.tgz",
			"integrity": "sha512-BMq1K3DsElxDWawkX6eLg9+CKJrTVGCBAWVuHXVUV2u0s2711qiChLSId6ikYPfxhdYocLNt3wWwSvDiTvFabw==",
			"dev": true,
			"license": "CC0-1.0"
		},
		"node_modules/acorn": {
			"version": "8.14.0",
			"resolved": "https://registry.npmjs.org/acorn/-/acorn-8.14.0.tgz",
			"integrity": "sha512-cl669nCJTZBsL97OF4kUQm5g5hC2uihk0NxY3WENAC0TYdILVkAyHymAntgxGkl7K+t0cXIrH5siy5S4XkFycA==",
			"dev": true,
			"license": "MIT",
			"bin": {
				"acorn": "bin/acorn"
			},
			"engines": {
				"node": ">=0.4.0"
			}
		},
		"node_modules/acorn-walk": {
			"version": "8.3.2",
			"resolved": "https://registry.npmjs.org/acorn-walk/-/acorn-walk-8.3.2.tgz",
			"integrity": "sha512-cjkyv4OtNCIeqhHrfS81QWXoCBPExR/J62oyEqepVw8WaQeSqpW2uhuLPh1m9eWhDuOo/jUXVTlifvesOWp/4A==",
			"dev": true,
			"license": "MIT",
			"engines": {
				"node": ">=0.4.0"
			}
		},
		"node_modules/blake3-wasm": {
			"version": "2.1.5",
			"resolved": "https://registry.npmjs.org/blake3-wasm/-/blake3-wasm-2.1.5.tgz",
			"integrity": "sha512-F1+K8EbfOZE49dtoPtmxUQrpXaBIl3ICvasLh+nJta0xkz+9kF/7uet9fLnwKqhDrmj6g+6K3Tw9yQPUg2ka5g==",
			"dev": true,
			"license": "MIT"
		},
		"node_modules/boolbase": {
			"version": "1.0.0",
			"resolved": "https://registry.npmjs.org/boolbase/-/boolbase-1.0.0.tgz",
			"integrity": "sha512-JZOSA7Mo9sNGB8+UjSgzdLtokWAky1zbztM3WRLCbZ70/3cTANmQmOdR7y2g+J0e2WXywy1yS468tY+IruqEww==",
			"license": "ISC",
			"optional": true
		},
		"node_modules/color": {
			"version": "4.2.3",
			"resolved": "https://registry.npmjs.org/color/-/color-4.2.3.tgz",
			"integrity": "sha512-1rXeuUUiGGrykh+CeBdu5Ie7OJwinCgQY0bc7GCRxy5xVHy+moaqkpL/jqQq0MtQOeYcrqEz4abc5f0KtU7W4A==",
			"dev": true,
			"license": "MIT",
			"dependencies": {
				"color-convert": "^2.0.1",
				"color-string": "^1.9.0"
			},
			"engines": {
				"node": ">=12.5.0"
			}
		},
		"node_modules/color-convert": {
			"version": "2.0.1",
			"resolved": "https://registry.npmjs.org/color-convert/-/color-convert-2.0.1.tgz",
			"integrity": "sha512-RRECPsj7iu/xb5oKYcsFHSppFNnsj/52OVTRKb4zP5onXwVF3zVmmToNcOfGC+CRDpfK/U584fMg38ZHCaElKQ==",
			"dev": true,
			"license": "MIT",
			"dependencies": {
				"color-name": "~1.1.4"
			},
			"engines": {
				"node": ">=7.0.0"
			}
		},
		"node_modules/color-name": {
			"version": "1.1.4",
			"resolved": "https://registry.npmjs.org/color-name/-/color-name-1.1.4.tgz",
			"integrity": "sha512-dOy+3AuW3a2wNbZHIuMZpTcgjGuLU/uBL/ubcZF9OXbDo8ff4O8yVp5Bf0efS8uEoYo5q4Fx7dY9OgQGXgAsQA==",
			"dev": true,
			"license": "MIT"
		},
		"node_modules/color-string": {
			"version": "1.9.1",
			"resolved": "https://registry.npmjs.org/color-string/-/color-string-1.9.1.tgz",
			"integrity": "sha512-shrVawQFojnZv6xM40anx4CkoDP+fZsw/ZerEMsW/pyzsRbElpsL/DBVW7q3ExxwusdNXI3lXpuhEZkzs8p5Eg==",
			"dev": true,
			"license": "MIT",
			"dependencies": {
				"color-name": "^1.0.0",
				"simple-swizzle": "^0.2.2"
			}
		},
		"node_modules/cookie": {
			"version": "1.1.1",
			"resolved": "https://registry.npmjs.org/cookie/-/cookie-1.1.1.tgz",
			"integrity": "sha512-ei8Aos7ja0weRpFzJnEA9UHJ/7XQmqglbRwnf2ATjcB9Wq874VKH9kfjjirM6UhU2/E5fFYadylyhFldcqSidQ==",
			"dev": true,
			"license": "MIT",
			"engines": {
				"node": ">=18"
			},
			"funding": {
				"type": "opencollective",
				"url": "https://opencollective.com/express"
			}
		},
		"node_modules/css-select": {
			"version": "5.2.2",
			"resolved": "https://registry.npmjs.org/css-select/-/css-select-5.2.2.tgz",
			"integrity": "sha512-TizTzUddG/xYLA3NXodFM0fSbNizXjOKhqiQQwvhlspadZokn1KDy0NZFS0wuEubIYAV5/c1/lAr0TaaFXEXzw==",
			"license": "BSD-2-Clause",
			"optional": true,
			"dependencies": {
				"boolbase": "^1.0.0",
				"css-what": "^6.1.0",
				"domhandler": "^5.0.2",
				"domutils": "^3.0.1",
				"nth-check": "^2.0.1"
			},
			"funding": {
				"url": "https://github.com/sponsors/fb55"
			}
		},
		"node_modules/css-what": {
			"version": "6.2.2",
			"resolved": "https://registry.npmjs.org/css-what/-/css-what-6.2.2.tgz",
			"integrity": "sha512-u/O3vwbptzhMs3L1fQE82ZSLHQQfto5gyZzwteVIEyeaY5Fc7R4dapF/BvRoSYFeqfBk4m0V1Vafq5Pjv25wvA==",
			"license": "BSD-2-Clause",
			"optional": true,
			"engines": {
				"node": ">= 6"
			},
			"funding": {
				"url": "https://github.com/sponsors/fb55"
			}
		},
		"node_modules/cssom": {
			"version": "0.5.0",
			"resolved": "https://registry.npmjs.org/cssom/-/cssom-0.5.0.tgz",
			"integrity": "sha512-iKuQcq+NdHqlAcwUY0o/HL69XQrUaQdMjmStJ8JFmUaiiQErlhrmuigkg/CU4E2J0IyUKUrMAgl36TvN67MqTw==",
			"license": "MIT",
			"optional": true
		},
		"node_modules/detect-libc": {
			"version": "2.1.2",
			"resolved": "https://registry.npmjs.org/detect-libc/-/detect-libc-2.1.2.tgz",
			"integrity": "sha512-Btj2BOOO83o3WyH59e8MgXsxEQVcarkUOpEYrubB0urwnN10yQ364rsiByU11nZlqWYZm05i/of7io4mzihBtQ==",
			"dev": true,
			"license": "Apache-2.0",
			"engines": {
				"node": ">=8"
			}
		},
		"node_modules/dom-serializer": {
			"version": "2.0.0",
			"resolved": "https://registry.npmjs.org/dom-serializer/-/dom-serializer-2.0.0.tgz",
			"integrity": "sha512-wIkAryiqt/nV5EQKqQpo3SToSOV9J0DnbJqwK7Wv/Trc92zIAYZ4FlMu+JPFW1DfGFt81ZTCGgDEabffXeLyJg==",
			"license": "MIT",
			"optional": true,
			"dependencies": {
				"domelementtype": "^2.3.0",
				"domhandler": "^5.0.2",
				"entities": "^4.2.0"
			},
			"funding": {
				"url": "https://github.com/cheeriojs/dom-serializer?sponsor=1"
			}
		},
		"node_modules/domelementtype": {
			"version": "2.3.0",
			"resolved": "https://registry.npmjs.org/domelementtype/-/domelementtype-2.3.0.tgz",
			"integrity": "sha512-OLETBj6w0OsagBwdXnPdN0cnMfF9opN69co+7ZrbfPGrdpPVNBUj02spi6B1N7wChLQiPn4CSH/zJvXw56gmHw==",
			"funding": [
				{
					"type": "github",
					"url": "https://github.com/sponsors/fb55"
				}
			],
			"license": "BSD-2-Clause",
			"optional": true
		},
		"node_modules/domhandler": {
			"version": "5.0.3",
			"resolved": "https://registry.npmjs.org/domhandler/-/domhandler-5.0.3.tgz",
			"integrity": "sha512-cgwlv/1iFQiFnU96XXgROh8xTeetsnJiDsTc7TYCLFd9+/WNkIqPTxiM/8pSd8VIrhXGTf1Ny1q1hquVqDJB5w==",
			"license": "BSD-2-Clause",
			"optional": true,
			"dependencies": {
				"domelementtype": "^2.3.0"
			},
			"engines": {
				"node": ">= 4"
			},
			"funding": {
				"url": "https://github.com/fb55/domhandler?sponsor=1"
			}
		},
		"node_modules/domutils": {
			"version": "3.2.2",
			"resolved": "https://registry.npmjs.org/domutils/-/domutils-3.2.2.tgz",
			"integrity": "sha512-6kZKyUajlDuqlHKVX1w7gyslj9MPIXzIFiz/rGu35uC1wMi+kMhQwGhl4lt9unC9Vb9INnY9Z3/ZA3+FhASLaw==",
			"license": "BSD-2-Clause",
			"optional": true,
			"dependencies": {
				"dom-serializer": "^2.0.0",
				"domelementtype": "^2.3.0",
				"domhandler": "^5.0.3"
			},
			"funding": {
				"url": "https://github.com/fb55/domutils?sponsor=1"
			}
		},
		"node_modules/entities": {
			"version": "4.5.0",
			"resolved": "https://registry.npmjs.org/entities/-/entities-4.5.0.tgz",
			"integrity": "sha512-V0hjH4dGPh9Ao5p0MoRY6BVqtwCjhz6vI5LT8AJ55H+4g9/4vbHx1I54fS0XuclLhDHArPQCiMjDxjaL8fPxhw==",
			"license": "BSD-2-Clause",
			"optional": true,
			"engines": {
				"node": ">=0.12"
			},
			"funding": {
				"url": "https://github.com/fb55/entities?sponsor=1"
			}
		},
		"node_modules/error-stack-parser-es": {
			"version": "1.0.5",
			"resolved": "https://registry.npmjs.org/error-stack-parser-es/-/error-stack-parser-es-1.0.5.tgz",
			"integrity": "sha512-5qucVt2XcuGMcEGgWI7i+yZpmpByQ8J1lHhcL7PwqCwu9FPP3VUXzT4ltHe5i2z9dePwEHcDVOAfSnHsOlCXRA==",
			"dev": true,
			"license": "MIT",
			"funding": {
				"url": "https://github.com/sponsors/antfu"
			}
		},
		"node_modules/esbuild": {
			"version": "0.25.12",
			"resolved": "https://registry.npmjs.org/esbuild/-/esbuild-0.25.12.tgz",
			"integrity": "sha512-bbPBYYrtZbkt6Os6FiTLCTFxvq4tt3JKall1vRwshA3fdVztsLAatFaZobhkBC8/BrPetoa0oksYoKXoG4ryJg==",
			"hasInstallScript": true,
			"license": "MIT",
			"optional": true,
			"bin": {
				"esbuild": "bin/esbuild"
			},
			"engines": {
				"node": ">=18"
			},
			"optionalDependencies": {
				"@esbuild/aix-ppc64": "0.25.12",
				"@esbuild/android-arm": "0.25.12",
				"@esbuild/android-arm64": "0.25.12",
				"@esbuild/android-x64": "0.25.12",
				"@esbuild/darwin-arm64": "0.25.12",
				"@esbuild/darwin-x64": "0.25.12",
				"@esbuild/freebsd-arm64": "0.25.12",
				"@esbuild/freebsd-x64": "0.25.12",
				"@esbuild/linux-arm": "0.25.12",
				"@esbuild/linux-arm64": "0.25.12",
				"@esbuild/linux-ia32": "0.25.12",
				"@esbuild/linux-loong64": "0.25.12",
				"@esbuild/linux-mips64el": "0.25.12",
				"@esbuild/linux-ppc64": "0.25.12",
				"@esbuild/linux-riscv64": "0.25.12",
				"@esbuild/linux-s390x": "0.25.12",
				"@esbuild/linux-x64": "0.25.12",
				"@esbuild/netbsd-arm64": "0.25.12",
				"@esbuild/netbsd-x64": "0.25.12",
				"@esbuild/openbsd-arm64": "0.25.12",
				"@esbuild/openbsd-x64": "0.25.12",
				"@esbuild/openharmony-arm64": "0.25.12",
				"@esbuild/sunos-x64": "0.25.12",
				"@esbuild/win32-arm64": "0.25.12",
				"@esbuild/win32-ia32": "0.25.12",
				"@esbuild/win32-x64": "0.25.12"
			}
		},
		"node_modules/exit-hook": {
			"version": "2.2.1",
			"resolved": "https://registry.npmjs.org/exit-hook/-/exit-hook-2.2.1.tgz",
			"integrity": "sha512-eNTPlAD67BmP31LDINZ3U7HSF8l57TxOY2PmBJ1shpCvpnxBF93mWCE8YHBnXs8qiUZJc9WDcWIeC3a2HIAMfw==",
			"dev": true,
			"license": "MIT",
			"engines": {
				"node": ">=6"
			},
			"funding": {
				"url": "https://github.com/sponsors/sindresorhus"
			}
		},
		"node_modules/get-tsconfig": {
			"version": "4.14.0",
			"resolved": "https://registry.npmjs.org/get-tsconfig/-/get-tsconfig-4.14.0.tgz",
			"integrity": "sha512-yTb+8DXzDREzgvYmh6s9vHsSVCHeC0G3PI5bEXNBHtmshPnO+S5O7qgLEOn0I5QvMy6kpZN8K1NKGyilLb93wA==",
			"dev": true,
			"license": "MIT",
			"dependencies": {
				"resolve-pkg-maps": "^1.0.0"
			},
			"funding": {
				"url": "https://github.com/privatenumber/get-tsconfig?sponsor=1"
			}
		},
		"node_modules/glob-to-regexp": {
			"version": "0.4.1",
			"resolved": "https://registry.npmjs.org/glob-to-regexp/-/glob-to-regexp-0.4.1.tgz",
			"integrity": "sha512-lkX1HJXwyMcprw/5YUZc2s7DrpAiHB21/V+E1rHUrVNokkvB6bqMzT0VfV6/86ZNabt1k14YOIaT7nDvOX3Iiw==",
			"dev": true,
			"license": "BSD-2-Clause"
		},
		"node_modules/html-escaper": {
			"version": "3.0.3",
			"resolved": "https://registry.npmjs.org/html-escaper/-/html-escaper-3.0.3.tgz",
			"integrity": "sha512-RuMffC89BOWQoY0WKGpIhn5gX3iI54O6nRA0yC124NYVtzjmFWBIiFd8M0x+ZdX0P9R4lADg1mgP8C7PxGOWuQ==",
			"license": "MIT",
			"optional": true
		},
		"node_modules/htmlparser2": {
			"version": "10.1.0",
			"resolved": "https://registry.npmjs.org/htmlparser2/-/htmlparser2-10.1.0.tgz",
			"integrity": "sha512-VTZkM9GWRAtEpveh7MSF6SjjrpNVNNVJfFup7xTY3UpFtm67foy9HDVXneLtFVt4pMz5kZtgNcvCniNFb1hlEQ==",
			"funding": [
				"https://github.com/fb55/htmlparser2?sponsor=1",
				{
					"type": "github",
					"url": "https://github.com/sponsors/fb55"
				}
			],
			"license": "MIT",
			"optional": true,
			"dependencies": {
				"domelementtype": "^2.3.0",
				"domhandler": "^5.0.3",
				"domutils": "^3.2.2",
				"entities": "^7.0.1"
			}
		},
		"node_modules/htmlparser2/node_modules/entities": {
			"version": "7.0.1",
			"resolved": "https://registry.npmjs.org/entities/-/entities-7.0.1.tgz",
			"integrity": "sha512-TWrgLOFUQTH994YUyl1yT4uyavY5nNB5muff+RtWaqNVCAK408b5ZnnbNAUEWLTCpum9w6arT70i1XdQ4UeOPA==",
			"license": "BSD-2-Clause",
			"optional": true,
			"engines": {
				"node": ">=0.12"
			},
			"funding": {
				"url": "https://github.com/fb55/entities?sponsor=1"
			}
		},
		"node_modules/is-arrayish": {
			"version": "0.3.4",
			"resolved": "https://registry.npmjs.org/is-arrayish/-/is-arrayish-0.3.4.tgz",
			"integrity": "sha512-m6UrgzFVUYawGBh1dUsWR5M2Clqic9RVXC/9f8ceNlv2IcO9j9J/z8UoCLPqtsPBFNzEpfR3xftohbfqDx8EQA==",
			"dev": true,
			"license": "MIT"
		},
		"node_modules/kleur": {
			"version": "4.1.5",
			"resolved": "https://registry.npmjs.org/kleur/-/kleur-4.1.5.tgz",
			"integrity": "sha512-o+NO+8WrRiQEE4/7nwRJhN1HWpVmJm511pBHUxPLtp0BUISzlBplORYSmTclCnJvQq2tKu/sgl3xVpkc7ZWuQQ==",
			"dev": true,
			"license": "MIT",
			"engines": {
				"node": ">=6"
			}
		},
		"node_modules/linkedom": {
			"version": "0.18.12",
			"resolved": "https://registry.npmjs.org/linkedom/-/linkedom-0.18.12.tgz",
			"integrity": "sha512-jalJsOwIKuQJSeTvsgzPe9iJzyfVaEJiEXl+25EkKevsULHvMJzpNqwvj1jOESWdmgKDiXObyjOYwlUqG7wo1Q==",
			"license": "ISC",
			"optional": true,
			"dependencies": {
				"css-select": "^5.1.0",
				"cssom": "^0.5.0",
				"html-escaper": "^3.0.3",
				"htmlparser2": "^10.0.0",
				"uhyphen": "^0.2.0"
			},
			"engines": {
				"node": ">=16"
			},
			"peerDependencies": {
				"canvas": ">= 2"
			},
			"peerDependenciesMeta": {
				"canvas": {
					"optional": true
				}
			}
		},
		"node_modules/mime": {
			"version": "3.0.0",
			"resolved": "https://registry.npmjs.org/mime/-/mime-3.0.0.tgz",
			"integrity": "sha512-jSCU7/VB1loIWBZe14aEYHU/+1UMEHoaO7qxCOVJOw9GgH72VAWppxNcjU+x9a2k3GSIBXNKxXQFqRvvZ7vr3A==",
			"dev": true,
			"license": "MIT",
			"bin": {
				"mime": "cli.js"
			},
			"engines": {
				"node": ">=10.0.0"
			}
		},
		"node_modules/miniflare": {
			"version": "4.20251217.0",
			"resolved": "https://registry.npmjs.org/miniflare/-/miniflare-4.20251217.0.tgz",
			"integrity": "sha512-8xsTQbPS6YV+ABZl9qiJIbsum6hbpbhqiyKpOVdzZrhK+1N8EFpT8R6aBZff7kezGmxYZSntjgjqTwJmj3JLgA==",
			"dev": true,
			"license": "MIT",
			"dependencies": {
				"@cspotcode/source-map-support": "0.8.1",
				"acorn": "8.14.0",
				"acorn-walk": "8.3.2",
				"exit-hook": "2.2.1",
				"glob-to-regexp": "0.4.1",
				"sharp": "^0.33.5",
				"stoppable": "1.1.0",
				"undici": "7.14.0",
				"workerd": "1.20251217.0",
				"ws": "8.18.0",
				"youch": "4.1.0-beta.10",
				"zod": "3.22.3"
			},
			"bin": {
				"miniflare": "bootstrap.js"
			},
			"engines": {
				"node": ">=18.0.0"
			}
		},
		"node_modules/nanoid": {
			"version": "3.3.12",
			"resolved": "https://registry.npmjs.org/nanoid/-/nanoid-3.3.12.tgz",
			"integrity": "sha512-ZB9RH/39qpq5Vu6Y+NmUaFhQR6pp+M2Xt76XBnEwDaGcVAqhlvxrl3B2bKS5D3NH3QR76v3aSrKaF/Kiy7lEtQ==",
			"funding": [
				{
					"type": "github",
					"url": "https://github.com/sponsors/ai"
				}
			],
			"license": "MIT",
			"bin": {
				"nanoid": "bin/nanoid.cjs"
			},
			"engines": {
				"node": "^10 || ^12 || ^13.7 || ^14 || >=15.0.1"
			}
		},
		"node_modules/nth-check": {
			"version": "2.1.1",
			"resolved": "https://registry.npmjs.org/nth-check/-/nth-check-2.1.1.tgz",
			"integrity": "sha512-lqjrjmaOoAnWfMmBPL+XNnynZh2+swxiX3WUE0s4yEHI6m+AwrK2UZOimIRl3X/4QctVqS8AiZjFqyOGrMXb/w==",
			"license": "BSD-2-Clause",
			"optional": true,
			"dependencies": {
				"boolbase": "^1.0.0"
			},
			"funding": {
				"url": "https://github.com/fb55/nth-check?sponsor=1"
			}
		},
		"node_modules/path-to-regexp": {
			"version": "6.3.0",
			"resolved": "https://registry.npmjs.org/path-to-regexp/-/path-to-regexp-6.3.0.tgz",
			"integrity": "sha512-Yhpw4T9C6hPpgPeA28us07OJeqZ5EzQTkbfwuhsUg0c237RomFoETJgmp2sa3F/41gfLE6G5cqcYwznmeEeOlQ==",
			"dev": true,
			"license": "MIT"
		},
		"node_modules/pathe": {
			"version": "2.0.3",
			"resolved": "https://registry.npmjs.org/pathe/-/pathe-2.0.3.tgz",
			"integrity": "sha512-WUjGcAqP1gQacoQe+OBJsFA7Ld4DyXuUIjZ5cc75cLHvJ7dtNsTugphxIADwspS+AraAUePCKrSVtPLFj/F88w==",
			"dev": true,
			"license": "MIT"
		},
		"node_modules/picocolors": {
			"version": "1.1.1",
			"resolved": "https://registry.npmjs.org/picocolors/-/picocolors-1.1.1.tgz",
			"integrity": "sha512-xceH2snhtb5M9liqDsmEw56le376mTZkEX/jEb/RxNFyegNul7eNslCXP9FDj/Lcu0X8KEyMceP2ntpaHrDEVA==",
			"license": "ISC"
		},
		"node_modules/postcss": {
			"version": "8.5.14",
			"resolved": "https://registry.npmjs.org/postcss/-/postcss-8.5.14.tgz",
			"integrity": "sha512-SoSL4+OSEtR99LHFZQiJLkT59C5B1amGO1NzTwj7TT1qCUgUO6hxOvzkOYxD+vMrXBM3XJIKzokoERdqQq/Zmg==",
			"funding": [
				{
					"type": "opencollective",
					"url": "https://opencollective.com/postcss/"
				},
				{
					"type": "tidelift",
					"url": "https://tidelift.com/funding/github/npm/postcss"
				},
				{
					"type": "github",
					"url": "https://github.com/sponsors/ai"
				}
			],
			"license": "MIT",
			"dependencies": {
				"nanoid": "^3.3.11",
				"picocolors": "^1.1.1",
				"source-map-js": "^1.2.1"
			},
			"engines": {
				"node": "^10 || ^12 || >=14"
			}
		},
		"node_modules/resolve-pkg-maps": {
			"version": "1.0.0",
			"resolved": "https://registry.npmjs.org/resolve-pkg-maps/-/resolve-pkg-maps-1.0.0.tgz",
			"integrity": "sha512-seS2Tj26TBVOC2NIc2rOe2y2ZO7efxITtLZcGSOnHHNOQ7CkiUBfw0Iw2ck6xkIhPwLhKNLS8BO+hEpngQlqzw==",
			"dev": true,
			"license": "MIT",
			"funding": {
				"url": "https://github.com/privatenumber/resolve-pkg-maps?sponsor=1"
			}
		},
		"node_modules/semver": {
			"version": "7.7.4",
			"resolved": "https://registry.npmjs.org/semver/-/semver-7.7.4.tgz",
			"integrity": "sha512-vFKC2IEtQnVhpT78h1Yp8wzwrf8CM+MzKMHGJZfBtzhZNycRFnXsHk6E5TxIkkMsgNS7mdX3AGB7x2QM2di4lA==",
			"dev": true,
			"license": "ISC",
			"bin": {
				"semver": "bin/semver.js"
			},
			"engines": {
				"node": ">=10"
			}
		},
		"node_modules/sharp": {
			"version": "0.33.5",
			"resolved": "https://registry.npmjs.org/sharp/-/sharp-0.33.5.tgz",
			"integrity": "sha512-haPVm1EkS9pgvHrQ/F3Xy+hgcuMV0Wm9vfIBSiwZ05k+xgb0PkBQpGsAA/oWdDobNaZTH5ppvHtzCFbnSEwHVw==",
			"dev": true,
			"hasInstallScript": true,
			"license": "Apache-2.0",
			"dependencies": {
				"color": "^4.2.3",
				"detect-libc": "^2.0.3",
				"semver": "^7.6.3"
			},
			"engines": {
				"node": "^18.17.0 || ^20.3.0 || >=21.0.0"
			},
			"funding": {
				"url": "https://opencollective.com/libvips"
			},
			"optionalDependencies": {
				"@img/sharp-darwin-arm64": "0.33.5",
				"@img/sharp-darwin-x64": "0.33.5",
				"@img/sharp-libvips-darwin-arm64": "1.0.4",
				"@img/sharp-libvips-darwin-x64": "1.0.4",
				"@img/sharp-libvips-linux-arm": "1.0.5",
				"@img/sharp-libvips-linux-arm64": "1.0.4",
				"@img/sharp-libvips-linux-s390x": "1.0.4",
				"@img/sharp-libvips-linux-x64": "1.0.4",
				"@img/sharp-libvips-linuxmusl-arm64": "1.0.4",
				"@img/sharp-libvips-linuxmusl-x64": "1.0.4",
				"@img/sharp-linux-arm": "0.33.5",
				"@img/sharp-linux-arm64": "0.33.5",
				"@img/sharp-linux-s390x": "0.33.5",
				"@img/sharp-linux-x64": "0.33.5",
				"@img/sharp-linuxmusl-arm64": "0.33.5",
				"@img/sharp-linuxmusl-x64": "0.33.5",
				"@img/sharp-wasm32": "0.33.5",
				"@img/sharp-win32-ia32": "0.33.5",
				"@img/sharp-win32-x64": "0.33.5"
			}
		},
		"node_modules/simple-swizzle": {
			"version": "0.2.4",
			"resolved": "https://registry.npmjs.org/simple-swizzle/-/simple-swizzle-0.2.4.tgz",
			"integrity": "sha512-nAu1WFPQSMNr2Zn9PGSZK9AGn4t/y97lEm+MXTtUDwfP0ksAIX4nO+6ruD9Jwut4C49SB1Ws+fbXsm/yScWOHw==",
			"dev": true,
			"license": "MIT",
			"dependencies": {
				"is-arrayish": "^0.3.1"
			}
		},
		"node_modules/source-map-js": {
			"version": "1.2.1",
			"resolved": "https://registry.npmjs.org/source-map-js/-/source-map-js-1.2.1.tgz",
			"integrity": "sha512-UXWMKhLOwVKb728IUtQPXxfYU+usdybtUrK/8uGE8CQMvrhOpwvzDBwj0QhSL7MQc7vIsISBG8VQ8+IDQxpfQA==",
			"license": "BSD-3-Clause",
			"engines": {
				"node": ">=0.10.0"
			}
		},
		"node_modules/stoppable": {
			"version": "1.1.0",
			"resolved": "https://registry.npmjs.org/stoppable/-/stoppable-1.1.0.tgz",
			"integrity": "sha512-KXDYZ9dszj6bzvnEMRYvxgeTHU74QBFL54XKtP3nyMuJ81CFYtABZ3bAzL2EdFUaEwJOBOgENyFj3R7oTzDyyw==",
			"dev": true,
			"license": "MIT",
			"engines": {
				"node": ">=4",
				"npm": ">=6"
			}
		},
		"node_modules/supports-color": {
			"version": "10.2.2",
			"resolved": "https://registry.npmjs.org/supports-color/-/supports-color-10.2.2.tgz",
			"integrity": "sha512-SS+jx45GF1QjgEXQx4NJZV9ImqmO2NPz5FNsIHrsDjh2YsHnawpan7SNQ1o8NuhrbHZy9AZhIoCUiCeaW/C80g==",
			"dev": true,
			"license": "MIT",
			"engines": {
				"node": ">=18"
			},
			"funding": {
				"url": "https://github.com/chalk/supports-color?sponsor=1"
			}
		},
		"node_modules/tsx": {
			"version": "4.21.0",
			"resolved": "https://registry.npmjs.org/tsx/-/tsx-4.21.0.tgz",
			"integrity": "sha512-5C1sg4USs1lfG0GFb2RLXsdpXqBSEhAaA/0kPL01wxzpMqLILNxIxIOKiILz+cdg/pLnOUxFYOR5yhHU666wbw==",
			"dev": true,
			"license": "MIT",
			"dependencies": {
				"esbuild": "~0.27.0",
				"get-tsconfig": "^4.7.5"
			},
			"bin": {
				"tsx": "dist/cli.mjs"
			},
			"engines": {
				"node": ">=18.0.0"
			},
			"optionalDependencies": {
				"fsevents": "~2.3.3"
			}
		},
		"node_modules/tsx/node_modules/@esbuild/linux-x64": {
			"version": "0.27.7",
			"resolved": "https://registry.npmjs.org/@esbuild/linux-x64/-/linux-x64-0.27.7.tgz",
			"integrity": "sha512-hzznmADPt+OmsYzw1EE33ccA+HPdIqiCRq7cQeL1Jlq2gb1+OyWBkMCrYGBJ+sxVzve2ZJEVeePbLM2iEIZSxA==",
			"cpu": [
				"x64"
			],
			"dev": true,
			"license": "MIT",
			"optional": true,
			"os": [
				"linux"
			],
			"engines": {
				"node": ">=18"
			}
		},
		"node_modules/tsx/node_modules/esbuild": {
			"version": "0.27.7",
			"resolved": "https://registry.npmjs.org/esbuild/-/esbuild-0.27.7.tgz",
			"integrity": "sha512-IxpibTjyVnmrIQo5aqNpCgoACA/dTKLTlhMHihVHhdkxKyPO1uBBthumT0rdHmcsk9uMonIWS0m4FljWzILh3w==",
			"dev": true,
			"hasInstallScript": true,
			"license": "MIT",
			"bin": {
				"esbuild": "bin/esbuild"
			},
			"engines": {
				"node": ">=18"
			},
			"optionalDependencies": {
				"@esbuild/aix-ppc64": "0.27.7",
				"@esbuild/android-arm": "0.27.7",
				"@esbuild/android-arm64": "0.27.7",
				"@esbuild/android-x64": "0.27.7",
				"@esbuild/darwin-arm64": "0.27.7",
				"@esbuild/darwin-x64": "0.27.7",
				"@esbuild/freebsd-arm64": "0.27.7",
				"@esbuild/freebsd-x64": "0.27.7",
				"@esbuild/linux-arm": "0.27.7",
				"@esbuild/linux-arm64": "0.27.7",
				"@esbuild/linux-ia32": "0.27.7",
				"@esbuild/linux-loong64": "0.27.7",
				"@esbuild/linux-mips64el": "0.27.7",
				"@esbuild/linux-ppc64": "0.27.7",
				"@esbuild/linux-riscv64": "0.27.7",
				"@esbuild/linux-s390x": "0.27.7",
				"@esbuild/linux-x64": "0.27.7",
				"@esbuild/netbsd-arm64": "0.27.7",
				"@esbuild/netbsd-x64": "0.27.7",
				"@esbuild/openbsd-arm64": "0.27.7",
				"@esbuild/openbsd-x64": "0.27.7",
				"@esbuild/openharmony-arm64": "0.27.7",
				"@esbuild/sunos-x64": "0.27.7",
				"@esbuild/win32-arm64": "0.27.7",
				"@esbuild/win32-ia32": "0.27.7",
				"@esbuild/win32-x64": "0.27.7"
			}
		},
		"node_modules/typescript": {
			"version": "5.9.3",
			"resolved": "https://registry.npmjs.org/typescript/-/typescript-5.9.3.tgz",
			"integrity": "sha512-jl1vZzPDinLr9eUt3J/t7V6FgNEw9QjvBPdysz9KfQDD41fQrC2Y4vKQdiaUpFT4bXlb1RHhLpp8wtm6M5TgSw==",
			"dev": true,
			"license": "Apache-2.0",
			"bin": {
				"tsc": "bin/tsc",
				"tsserver": "bin/tsserver"
			},
			"engines": {
				"node": ">=14.17"
			}
		},
		"node_modules/uhyphen": {
			"version": "0.2.0",
			"resolved": "https://registry.npmjs.org/uhyphen/-/uhyphen-0.2.0.tgz",
			"integrity": "sha512-qz3o9CHXmJJPGBdqzab7qAYuW8kQGKNEuoHFYrBwV6hWIMcpAmxDLXojcHfFr9US1Pe6zUswEIJIbLI610fuqA==",
			"license": "ISC",
			"optional": true
		},
		"node_modules/undici": {
			"version": "7.14.0",
			"resolved": "https://registry.npmjs.org/undici/-/undici-7.14.0.tgz",
			"integrity": "sha512-Vqs8HTzjpQXZeXdpsfChQTlafcMQaaIwnGwLam1wudSSjlJeQ3bw1j+TLPePgrCnCpUXx7Ba5Pdpf5OBih62NQ==",
			"dev": true,
			"license": "MIT",
			"engines": {
				"node": ">=20.18.1"
			}
		},
		"node_modules/unenv": {
			"version": "2.0.0-rc.24",
			"resolved": "https://registry.npmjs.org/unenv/-/unenv-2.0.0-rc.24.tgz",
			"integrity": "sha512-i7qRCmY42zmCwnYlh9H2SvLEypEFGye5iRmEMKjcGi7zk9UquigRjFtTLz0TYqr0ZGLZhaMHl/foy1bZR+Cwlw==",
			"dev": true,
			"license": "MIT",
			"dependencies": {
				"pathe": "^2.0.3"
			}
		},
		"node_modules/workerd": {
			"version": "1.20251217.0",
			"resolved": "https://registry.npmjs.org/workerd/-/workerd-1.20251217.0.tgz",
			"integrity": "sha512-s3mHDSWwHTduyY8kpHOsl27ZJ4ziDBJlc18PfBvNMqNnhO7yBeemlxH7bo7yQyU1foJrIZ6IENHDDg0Z9N8zQA==",
			"dev": true,
			"hasInstallScript": true,
			"license": "Apache-2.0",
			"bin": {
				"workerd": "bin/workerd"
			},
			"engines": {
				"node": ">=16"
			},
			"optionalDependencies": {
				"@cloudflare/workerd-darwin-64": "1.20251217.0",
				"@cloudflare/workerd-darwin-arm64": "1.20251217.0",
				"@cloudflare/workerd-linux-64": "1.20251217.0",
				"@cloudflare/workerd-linux-arm64": "1.20251217.0",
				"@cloudflare/workerd-windows-64": "1.20251217.0"
			}
		},
		"node_modules/wrangler": {
			"version": "4.56.0",
			"resolved": "https://registry.npmjs.org/wrangler/-/wrangler-4.56.0.tgz",
			"integrity": "sha512-Nqi8duQeRbA+31QrD6QlWHW3IZVnuuRxMy7DEg46deUzywivmaRV/euBN5KKXDPtA24VyhYsK7I0tkb7P5DM2w==",
			"deprecated": "Version 4.55.0 and 4.56.0 can incorrectly automatically delegate 'wrangler deploy' to 'opennextjs-cloudflare'. Use an older or newer version.",
			"dev": true,
			"license": "MIT OR Apache-2.0",
			"dependencies": {
				"@cloudflare/kv-asset-handler": "0.4.1",
				"@cloudflare/unenv-preset": "2.7.13",
				"blake3-wasm": "2.1.5",
				"esbuild": "0.27.0",
				"miniflare": "4.20251217.0",
				"path-to-regexp": "6.3.0",
				"unenv": "2.0.0-rc.24",
				"workerd": "1.20251217.0"
			},
			"bin": {
				"wrangler": "bin/wrangler.js",
				"wrangler2": "bin/wrangler.js"
			},
			"engines": {
				"node": ">=20.0.0"
			},
			"optionalDependencies": {
				"fsevents": "~2.3.2"
			},
			"peerDependencies": {
				"@cloudflare/workers-types": "^4.20251217.0"
			},
			"peerDependenciesMeta": {
				"@cloudflare/workers-types": {
					"optional": true
				}
			}
		},
		"node_modules/wrangler/node_modules/@esbuild/linux-x64": {
			"version": "0.27.0",
			"resolved": "https://registry.npmjs.org/@esbuild/linux-x64/-/linux-x64-0.27.0.tgz",
			"integrity": "sha512-1hBWx4OUJE2cab++aVZ7pObD6s+DK4mPGpemtnAORBvb5l/g5xFGk0vc0PjSkrDs0XaXj9yyob3d14XqvnQ4gw==",
			"cpu": [
				"x64"
			],
			"dev": true,
			"license": "MIT",
			"optional": true,
			"os": [
				"linux"
			],
			"engines": {
				"node": ">=18"
			}
		},
		"node_modules/wrangler/node_modules/esbuild": {
			"version": "0.27.0",
			"resolved": "https://registry.npmjs.org/esbuild/-/esbuild-0.27.0.tgz",
			"integrity": "sha512-jd0f4NHbD6cALCyGElNpGAOtWxSq46l9X/sWB0Nzd5er4Kz2YTm+Vl0qKFT9KUJvD8+fiO8AvoHhFvEatfVixA==",
			"dev": true,
			"hasInstallScript": true,
			"license": "MIT",
			"bin": {
				"esbuild": "bin/esbuild"
			},
			"engines": {
				"node": ">=18"
			},
			"optionalDependencies": {
				"@esbuild/aix-ppc64": "0.27.0",
				"@esbuild/android-arm": "0.27.0",
				"@esbuild/android-arm64": "0.27.0",
				"@esbuild/android-x64": "0.27.0",
				"@esbuild/darwin-arm64": "0.27.0",
				"@esbuild/darwin-x64": "0.27.0",
				"@esbuild/freebsd-arm64": "0.27.0",
				"@esbuild/freebsd-x64": "0.27.0",
				"@esbuild/linux-arm": "0.27.0",
				"@esbuild/linux-arm64": "0.27.0",
				"@esbuild/linux-ia32": "0.27.0",
				"@esbuild/linux-loong64": "0.27.0",
				"@esbuild/linux-mips64el": "0.27.0",
				"@esbuild/linux-ppc64": "0.27.0",
				"@esbuild/linux-riscv64": "0.27.0",
				"@esbuild/linux-s390x": "0.27.0",
				"@esbuild/linux-x64": "0.27.0",
				"@esbuild/netbsd-arm64": "0.27.0",
				"@esbuild/netbsd-x64": "0.27.0",
				"@esbuild/openbsd-arm64": "0.27.0",
				"@esbuild/openbsd-x64": "0.27.0",
				"@esbuild/openharmony-arm64": "0.27.0",
				"@esbuild/sunos-x64": "0.27.0",
				"@esbuild/win32-arm64": "0.27.0",
				"@esbuild/win32-ia32": "0.27.0",
				"@esbuild/win32-x64": "0.27.0"
			}
		},
		"node_modules/ws": {
			"version": "8.18.0",
			"resolved": "https://registry.npmjs.org/ws/-/ws-8.18.0.tgz",
			"integrity": "sha512-8VbfWfHLbbwu3+N6OKsOMpBdT4kXPDDB9cJk2bJ6mh9ucxdlnNvH1e+roYkKmN9Nxw2yjz7VzeO9oOz2zJ04Pw==",
			"dev": true,
			"license": "MIT",
			"engines": {
				"node": ">=10.0.0"
			},
			"peerDependencies": {
				"bufferutil": "^4.0.1",
				"utf-8-validate": ">=5.0.2"
			},
			"peerDependenciesMeta": {
				"bufferutil": {
					"optional": true
				},
				"utf-8-validate": {
					"optional": true
				}
			}
		},
		"node_modules/youch": {
			"version": "4.1.0-beta.10",
			"resolved": "https://registry.npmjs.org/youch/-/youch-4.1.0-beta.10.tgz",
			"integrity": "sha512-rLfVLB4FgQneDr0dv1oddCVZmKjcJ6yX6mS4pU82Mq/Dt9a3cLZQ62pDBL4AUO+uVrCvtWz3ZFUL2HFAFJ/BXQ==",
			"dev": true,
			"license": "MIT",
			"dependencies": {
				"@poppinss/colors": "^4.1.5",
				"@poppinss/dumper": "^0.6.4",
				"@speed-highlight/core": "^1.2.7",
				"cookie": "^1.0.2",
				"youch-core": "^0.3.3"
			}
		},
		"node_modules/youch-core": {
			"version": "0.3.3",
			"resolved": "https://registry.npmjs.org/youch-core/-/youch-core-0.3.3.tgz",
			"integrity": "sha512-ho7XuGjLaJ2hWHoK8yFnsUGy2Y5uDpqSTq1FkHLK4/oqKtyUU1AFbOOxY4IpC9f0fTLjwYbslUz0Po5BpD1wrA==",
			"dev": true,
			"license": "MIT",
			"dependencies": {
				"@poppinss/exception": "^1.2.2",
				"error-stack-parser-es": "^1.0.5"
			}
		},
		"node_modules/zod": {
			"version": "3.22.3",
			"resolved": "https://registry.npmjs.org/zod/-/zod-3.22.3.tgz",
			"integrity": "sha512-EjIevzuJRiRPbVH4mGc8nApb/lVLKVpmUhAaR5R5doKGfAnGJ6Gr3CViAVjP+4FWSxCsybeWQdcgCtbX+7oZug==",
			"dev": true,
			"license": "MIT",
			"funding": {
				"url": "https://github.com/sponsors/colinhacks"
			}
		}
	}
}
