{
  "name": "aws-worker",
  "version": "1.0.0",
  "lockfileVersion": 1,
  "requires": true,
  "dependencies": {
    "@aws-crypto/ie11-detection": {
      "version": "1.0.0-alpha.0",
      "resolved": "https://registry.npmjs.org/@aws-crypto/ie11-detection/-/ie11-detection-1.0.0-alpha.0.tgz",
      "integrity": "sha512-TQ55S96+aD/iZF/VdgbLqCm2um8mQhjNrlFqQEJkXc12L4taF0wz0FfdFSJ9Uuy6EIf4GjgvbLExgJwxmFqL5A==",
      "requires": {
        "tslib": "^1.9.3"
      },
      "dependencies": {
        "tslib": {
          "version": "1.14.0",
          "resolved": "https://registry.npmjs.org/tslib/-/tslib-1.14.0.tgz",
          "integrity": "sha512-+Zw5lu0D9tvBMjGP8LpvMb0u2WW2QV3y+D8mO6J+cNzCYIN4sVy43Bf9vl92nqFahutN0I8zHa7cc4vihIshnw=="
        }
      }
    },
    "@aws-crypto/sha256-browser": {
      "version": "1.0.0-alpha.0",
      "resolved": "https://registry.npmjs.org/@aws-crypto/sha256-browser/-/sha256-browser-1.0.0-alpha.0.tgz",
      "integrity": "sha512-ZhULGaJKI/o8KROknqvnmYX3gphPQL5HLoMdVD5yPEsEsFG7rEIu4ORv2s6uaiqkdEkXZcdS+CNC8ekIndr9QA==",
      "requires": {
        "@aws-crypto/ie11-detection": "^1.0.0-alpha.0",
        "@aws-crypto/sha256-js": "^1.0.0-alpha.0",
        "@aws-crypto/supports-web-crypto": "^1.0.0-alpha.0",
        "@aws-sdk/types": "^1.0.0-alpha.0",
        "@aws-sdk/util-locate-window": "^1.0.0-alpha.0",
        "@aws-sdk/util-utf8-browser": "^1.0.0-alpha.0",
        "tslib": "^1.9.3"
      },
      "dependencies": {
        "tslib": {
          "version": "1.14.0",
          "resolved": "https://registry.npmjs.org/tslib/-/tslib-1.14.0.tgz",
          "integrity": "sha512-+Zw5lu0D9tvBMjGP8LpvMb0u2WW2QV3y+D8mO6J+cNzCYIN4sVy43Bf9vl92nqFahutN0I8zHa7cc4vihIshnw=="
        }
      }
    },
    "@aws-crypto/sha256-js": {
      "version": "1.0.0-alpha.0",
      "resolved": "https://registry.npmjs.org/@aws-crypto/sha256-js/-/sha256-js-1.0.0-alpha.0.tgz",
      "integrity": "sha512-GidX2lccEtHZw8mXDKJQj6tea7qh3pAnsNSp1eZNxsN4MMu2OvSraPSqiB1EihsQkZBMg0IiZPpZHoACUX/QMQ==",
      "requires": {
        "@aws-sdk/types": "^1.0.0-alpha.0",
        "@aws-sdk/util-utf8-browser": "^1.0.0-alpha.0",
        "tslib": "^1.9.3"
      },
      "dependencies": {
        "tslib": {
          "version": "1.14.0",
          "resolved": "https://registry.npmjs.org/tslib/-/tslib-1.14.0.tgz",
          "integrity": "sha512-+Zw5lu0D9tvBMjGP8LpvMb0u2WW2QV3y+D8mO6J+cNzCYIN4sVy43Bf9vl92nqFahutN0I8zHa7cc4vihIshnw=="
        }
      }
    },
    "@aws-crypto/supports-web-crypto": {
      "version": "1.0.0-alpha.0",
      "resolved": "https://registry.npmjs.org/@aws-crypto/supports-web-crypto/-/supports-web-crypto-1.0.0-alpha.0.tgz",
      "integrity": "sha512-jVWjNCoEKY49NIWyU1ia1RvtupEZEzOTkYZ1kRH+Z0RqIg9DZksQ7PbSRvxtAv8rTBdyGSgQdEpbFtQtm/ZiRQ==",
      "requires": {
        "tslib": "^1.9.3"
      },
      "dependencies": {
        "tslib": {
          "version": "1.14.0",
          "resolved": "https://registry.npmjs.org/tslib/-/tslib-1.14.0.tgz",
          "integrity": "sha512-+Zw5lu0D9tvBMjGP8LpvMb0u2WW2QV3y+D8mO6J+cNzCYIN4sVy43Bf9vl92nqFahutN0I8zHa7cc4vihIshnw=="
        }
      }
    },
    "@aws-sdk/abort-controller": {
      "version": "1.0.0-gamma.7",
      "resolved": "https://registry.npmjs.org/@aws-sdk/abort-controller/-/abort-controller-1.0.0-gamma.7.tgz",
      "integrity": "sha512-21RG318IO6905SClJuHAxRuIiuCcg9uoCDnuGXXdNmLEOpmjeTWf1N4AESs3p+HyAflIdpHVWnJGsEeWgEGghA==",
      "requires": {
        "@aws-sdk/types": "1.0.0-gamma.6",
        "tslib": "^1.8.0"
      },
      "dependencies": {
        "tslib": {
          "version": "1.14.0",
          "resolved": "https://registry.npmjs.org/tslib/-/tslib-1.14.0.tgz",
          "integrity": "sha512-+Zw5lu0D9tvBMjGP8LpvMb0u2WW2QV3y+D8mO6J+cNzCYIN4sVy43Bf9vl92nqFahutN0I8zHa7cc4vihIshnw=="
        }
      }
    },
    "@aws-sdk/client-dynamodb": {
      "version": "1.0.0-gamma.10",
      "resolved": "https://registry.npmjs.org/@aws-sdk/client-dynamodb/-/client-dynamodb-1.0.0-gamma.10.tgz",
      "integrity": "sha512-3BS+9kFU19anOQhprAck1hisfkqMp362Lkrg8JQED5nc6Fmr0sVIhJ76eWqYdcwi+pNKMPRkgYmw9E158qbjGw==",
      "requires": {
        "@aws-crypto/sha256-browser": "^1.0.0-alpha.0",
        "@aws-crypto/sha256-js": "^1.0.0-alpha.0",
        "@aws-sdk/config-resolver": "1.0.0-gamma.8",
        "@aws-sdk/credential-provider-node": "1.0.0-gamma.8",
        "@aws-sdk/fetch-http-handler": "1.0.0-gamma.9",
        "@aws-sdk/hash-node": "1.0.0-gamma.7",
        "@aws-sdk/invalid-dependency": "1.0.0-gamma.5",
        "@aws-sdk/middleware-content-length": "1.0.0-gamma.7",
        "@aws-sdk/middleware-host-header": "1.0.0-gamma.8",
        "@aws-sdk/middleware-logger": "1.0.0-gamma.2",
        "@aws-sdk/middleware-retry": "1.0.0-gamma.8",
        "@aws-sdk/middleware-serde": "1.0.0-gamma.7",
        "@aws-sdk/middleware-signing": "1.0.0-gamma.7",
        "@aws-sdk/middleware-stack": "1.0.0-gamma.7",
        "@aws-sdk/middleware-user-agent": "1.0.0-gamma.7",
        "@aws-sdk/node-config-provider": "1.0.0-gamma.3",
        "@aws-sdk/node-http-handler": "1.0.0-gamma.8",
        "@aws-sdk/protocol-http": "1.0.0-gamma.7",
        "@aws-sdk/smithy-client": "1.0.0-gamma.8",
        "@aws-sdk/types": "1.0.0-gamma.6",
        "@aws-sdk/url-parser-browser": "1.0.0-gamma.7",
        "@aws-sdk/url-parser-node": "1.0.0-gamma.7",
        "@aws-sdk/util-base64-browser": "1.0.0-gamma.6",
        "@aws-sdk/util-base64-node": "1.0.0-gamma.6",
        "@aws-sdk/util-body-length-browser": "1.0.0-gamma.6",
        "@aws-sdk/util-body-length-node": "1.0.0-gamma.6",
        "@aws-sdk/util-user-agent-browser": "1.0.0-gamma.7",
        "@aws-sdk/util-user-agent-node": "1.0.0-gamma.8",
        "@aws-sdk/util-utf8-browser": "1.0.0-gamma.6",
        "@aws-sdk/util-utf8-node": "1.0.0-gamma.6",
        "tslib": "^2.0.0",
        "uuid": "^3.0.0"
      }
    },
    "@aws-sdk/config-resolver": {
      "version": "1.0.0-gamma.8",
      "resolved": "https://registry.npmjs.org/@aws-sdk/config-resolver/-/config-resolver-1.0.0-gamma.8.tgz",
      "integrity": "sha512-OFzv5xeCkbzDOlp8uo6Jb0a6g+zT9rF8Djci/IGTCww8BKYulinsYcOHbY5HNv11ci8FhRN9qIkLGxBeTj7q5Q==",
      "requires": {
        "@aws-sdk/signature-v4": "1.0.0-gamma.7",
        "@aws-sdk/types": "1.0.0-gamma.6",
        "tslib": "^1.8.0"
      },
      "dependencies": {
        "tslib": {
          "version": "1.14.0",
          "resolved": "https://registry.npmjs.org/tslib/-/tslib-1.14.0.tgz",
          "integrity": "sha512-+Zw5lu0D9tvBMjGP8LpvMb0u2WW2QV3y+D8mO6J+cNzCYIN4sVy43Bf9vl92nqFahutN0I8zHa7cc4vihIshnw=="
        }
      }
    },
    "@aws-sdk/credential-provider-env": {
      "version": "1.0.0-gamma.7",
      "resolved": "https://registry.npmjs.org/@aws-sdk/credential-provider-env/-/credential-provider-env-1.0.0-gamma.7.tgz",
      "integrity": "sha512-xc1Beg0KZ9jiy7LqgywlsYUu3U+9H46foO0uuoBJI9a1AOgG0wuRBNf6/4h5McOQTdTgqfrQgsamkwki5lV44Q==",
      "requires": {
        "@aws-sdk/property-provider": "1.0.0-gamma.7",
        "@aws-sdk/types": "1.0.0-gamma.6",
        "tslib": "^1.8.0"
      },
      "dependencies": {
        "tslib": {
          "version": "1.14.0",
          "resolved": "https://registry.npmjs.org/tslib/-/tslib-1.14.0.tgz",
          "integrity": "sha512-+Zw5lu0D9tvBMjGP8LpvMb0u2WW2QV3y+D8mO6J+cNzCYIN4sVy43Bf9vl92nqFahutN0I8zHa7cc4vihIshnw=="
        }
      }
    },
    "@aws-sdk/credential-provider-imds": {
      "version": "1.0.0-gamma.8",
      "resolved": "https://registry.npmjs.org/@aws-sdk/credential-provider-imds/-/credential-provider-imds-1.0.0-gamma.8.tgz",
      "integrity": "sha512-LLkUMKIIJBL5abYDkWw6c/BDUD69Y9eY0++Aa8J7Oou/9AGLktIG/9hhrbB4TJsF8kl/SzFS1Ek2a4n7/C151A==",
      "requires": {
        "@aws-sdk/property-provider": "1.0.0-gamma.7",
        "@aws-sdk/types": "1.0.0-gamma.6",
        "tslib": "^1.8.0"
      },
      "dependencies": {
        "tslib": {
          "version": "1.14.0",
          "resolved": "https://registry.npmjs.org/tslib/-/tslib-1.14.0.tgz",
          "integrity": "sha512-+Zw5lu0D9tvBMjGP8LpvMb0u2WW2QV3y+D8mO6J+cNzCYIN4sVy43Bf9vl92nqFahutN0I8zHa7cc4vihIshnw=="
        }
      }
    },
    "@aws-sdk/credential-provider-ini": {
      "version": "1.0.0-gamma.8",
      "resolved": "https://registry.npmjs.org/@aws-sdk/credential-provider-ini/-/credential-provider-ini-1.0.0-gamma.8.tgz",
      "integrity": "sha512-oLcbsc6hPbVVLyvtLkDqmmI7Y6oclh4vtHZPrIOeK0fBu/F3TDliNyBtJ44fkGywCj2N9GWD+NUcA0c9wWnVrA==",
      "requires": {
        "@aws-sdk/property-provider": "1.0.0-gamma.7",
        "@aws-sdk/shared-ini-file-loader": "1.0.0-gamma.7",
        "@aws-sdk/types": "1.0.0-gamma.6",
        "tslib": "^1.8.0"
      },
      "dependencies": {
        "tslib": {
          "version": "1.14.0",
          "resolved": "https://registry.npmjs.org/tslib/-/tslib-1.14.0.tgz",
          "integrity": "sha512-+Zw5lu0D9tvBMjGP8LpvMb0u2WW2QV3y+D8mO6J+cNzCYIN4sVy43Bf9vl92nqFahutN0I8zHa7cc4vihIshnw=="
        }
      }
    },
    "@aws-sdk/credential-provider-node": {
      "version": "1.0.0-gamma.8",
      "resolved": "https://registry.npmjs.org/@aws-sdk/credential-provider-node/-/credential-provider-node-1.0.0-gamma.8.tgz",
      "integrity": "sha512-zPyxwPbKLCqesO0Xfu7UcY5Uqbirm9/RBYKEIoMxaCAWz0zWThSaQrQ9F9KsXoE6B1ji9Q7UjNB1ioeuWAfYXA==",
      "requires": {
        "@aws-sdk/credential-provider-env": "1.0.0-gamma.7",
        "@aws-sdk/credential-provider-imds": "1.0.0-gamma.8",
        "@aws-sdk/credential-provider-ini": "1.0.0-gamma.8",
        "@aws-sdk/credential-provider-process": "1.0.0-gamma.8",
        "@aws-sdk/property-provider": "1.0.0-gamma.7",
        "@aws-sdk/types": "1.0.0-gamma.6",
        "tslib": "^1.8.0"
      },
      "dependencies": {
        "tslib": {
          "version": "1.14.0",
          "resolved": "https://registry.npmjs.org/tslib/-/tslib-1.14.0.tgz",
          "integrity": "sha512-+Zw5lu0D9tvBMjGP8LpvMb0u2WW2QV3y+D8mO6J+cNzCYIN4sVy43Bf9vl92nqFahutN0I8zHa7cc4vihIshnw=="
        }
      }
    },
    "@aws-sdk/credential-provider-process": {
      "version": "1.0.0-gamma.8",
      "resolved": "https://registry.npmjs.org/@aws-sdk/credential-provider-process/-/credential-provider-process-1.0.0-gamma.8.tgz",
      "integrity": "sha512-lkg5T9ExdzQwGEIJiVPJjo5zAmqbDlSu4PJnPNid73aRthZQOc7ZDJ9n3hsIPeyKDLCVWK/03RA4cixyRe+oVg==",
      "requires": {
        "@aws-sdk/credential-provider-ini": "1.0.0-gamma.8",
        "@aws-sdk/property-provider": "1.0.0-gamma.7",
        "@aws-sdk/shared-ini-file-loader": "1.0.0-gamma.7",
        "@aws-sdk/types": "1.0.0-gamma.6",
        "tslib": "^1.8.0"
      },
      "dependencies": {
        "tslib": {
          "version": "1.14.0",
          "resolved": "https://registry.npmjs.org/tslib/-/tslib-1.14.0.tgz",
          "integrity": "sha512-+Zw5lu0D9tvBMjGP8LpvMb0u2WW2QV3y+D8mO6J+cNzCYIN4sVy43Bf9vl92nqFahutN0I8zHa7cc4vihIshnw=="
        }
      }
    },
    "@aws-sdk/fetch-http-handler": {
      "version": "1.0.0-gamma.9",
      "resolved": "https://registry.npmjs.org/@aws-sdk/fetch-http-handler/-/fetch-http-handler-1.0.0-gamma.9.tgz",
      "integrity": "sha512-97RqwLqqEhLtZFOr3IJfWLlM+u7HK0b2gCJg9wg32VBfFE7Mt8ZnazfHT3141lMosCYlqnfs8NOP8G7gRQ+vVQ==",
      "requires": {
        "@aws-sdk/protocol-http": "1.0.0-gamma.7",
        "@aws-sdk/querystring-builder": "1.0.0-gamma.7",
        "@aws-sdk/types": "1.0.0-gamma.6",
        "@aws-sdk/util-base64-browser": "1.0.0-gamma.6",
        "tslib": "^1.8.0"
      },
      "dependencies": {
        "tslib": {
          "version": "1.14.0",
          "resolved": "https://registry.npmjs.org/tslib/-/tslib-1.14.0.tgz",
          "integrity": "sha512-+Zw5lu0D9tvBMjGP8LpvMb0u2WW2QV3y+D8mO6J+cNzCYIN4sVy43Bf9vl92nqFahutN0I8zHa7cc4vihIshnw=="
        }
      }
    },
    "@aws-sdk/hash-node": {
      "version": "1.0.0-gamma.7",
      "resolved": "https://registry.npmjs.org/@aws-sdk/hash-node/-/hash-node-1.0.0-gamma.7.tgz",
      "integrity": "sha512-FLpwEXd36dGWOwrjANzOl+0ase7VK+Mubd8Xi5w2VLfv3+94iMtdQllYpyl0uJdBm9IV5Hz291B/9BhCutTeVA==",
      "requires": {
        "@aws-sdk/types": "1.0.0-gamma.6",
        "@aws-sdk/util-buffer-from": "1.0.0-gamma.6",
        "tslib": "^1.8.0"
      },
      "dependencies": {
        "tslib": {
          "version": "1.14.0",
          "resolved": "https://registry.npmjs.org/tslib/-/tslib-1.14.0.tgz",
          "integrity": "sha512-+Zw5lu0D9tvBMjGP8LpvMb0u2WW2QV3y+D8mO6J+cNzCYIN4sVy43Bf9vl92nqFahutN0I8zHa7cc4vihIshnw=="
        }
      }
    },
    "@aws-sdk/invalid-dependency": {
      "version": "1.0.0-gamma.5",
      "resolved": "https://registry.npmjs.org/@aws-sdk/invalid-dependency/-/invalid-dependency-1.0.0-gamma.5.tgz",
      "integrity": "sha512-oQznDe4+m3xBRZq9NbEtaZqdpEqcNAExJbfwfF9DQHmUiRZdoEhU36v87Buxv8a3UMa5a0QvMrzSQJhIhfSBZw==",
      "requires": {
        "tslib": "^1.8.0"
      },
      "dependencies": {
        "tslib": {
          "version": "1.14.0",
          "resolved": "https://registry.npmjs.org/tslib/-/tslib-1.14.0.tgz",
          "integrity": "sha512-+Zw5lu0D9tvBMjGP8LpvMb0u2WW2QV3y+D8mO6J+cNzCYIN4sVy43Bf9vl92nqFahutN0I8zHa7cc4vihIshnw=="
        }
      }
    },
    "@aws-sdk/is-array-buffer": {
      "version": "1.0.0-gamma.6",
      "resolved": "https://registry.npmjs.org/@aws-sdk/is-array-buffer/-/is-array-buffer-1.0.0-gamma.6.tgz",
      "integrity": "sha512-F80N+xct+ZFhtvwVCAq2IugjL5KrhzkYLl/q/A3qGLTTCsDsh4sbL8KxRbp8OQZyuq8OCcrlRPlt1fvFBjQJ9w==",
      "requires": {
        "tslib": "^1.8.0"
      },
      "dependencies": {
        "tslib": {
          "version": "1.14.0",
          "resolved": "https://registry.npmjs.org/tslib/-/tslib-1.14.0.tgz",
          "integrity": "sha512-+Zw5lu0D9tvBMjGP8LpvMb0u2WW2QV3y+D8mO6J+cNzCYIN4sVy43Bf9vl92nqFahutN0I8zHa7cc4vihIshnw=="
        }
      }
    },
    "@aws-sdk/middleware-content-length": {
      "version": "1.0.0-gamma.7",
      "resolved": "https://registry.npmjs.org/@aws-sdk/middleware-content-length/-/middleware-content-length-1.0.0-gamma.7.tgz",
      "integrity": "sha512-VvmnYedZk09loKqZ6wQYjIqFzXAw0my5wsRpLkgBXVAcuQ9O4hzm2TyB7vRK0WnNTi2Q0Fr1BSPlKSQaxVZang==",
      "requires": {
        "@aws-sdk/protocol-http": "1.0.0-gamma.7",
        "@aws-sdk/types": "1.0.0-gamma.6",
        "tslib": "^1.8.0"
      },
      "dependencies": {
        "tslib": {
          "version": "1.14.0",
          "resolved": "https://registry.npmjs.org/tslib/-/tslib-1.14.0.tgz",
          "integrity": "sha512-+Zw5lu0D9tvBMjGP8LpvMb0u2WW2QV3y+D8mO6J+cNzCYIN4sVy43Bf9vl92nqFahutN0I8zHa7cc4vihIshnw=="
        }
      }
    },
    "@aws-sdk/middleware-host-header": {
      "version": "1.0.0-gamma.8",
      "resolved": "https://registry.npmjs.org/@aws-sdk/middleware-host-header/-/middleware-host-header-1.0.0-gamma.8.tgz",
      "integrity": "sha512-aNbEz07FX3JVqZvDqnVYoV6ughpprNGbmcigZyVrM1ZdmhZIZuVtRfZGYo0j2lTJxWijPI6O50n88DtIpnIPbA==",
      "requires": {
        "@aws-sdk/protocol-http": "1.0.0-gamma.7",
        "@aws-sdk/types": "1.0.0-gamma.6",
        "tslib": "^1.8.0"
      },
      "dependencies": {
        "tslib": {
          "version": "1.14.0",
          "resolved": "https://registry.npmjs.org/tslib/-/tslib-1.14.0.tgz",
          "integrity": "sha512-+Zw5lu0D9tvBMjGP8LpvMb0u2WW2QV3y+D8mO6J+cNzCYIN4sVy43Bf9vl92nqFahutN0I8zHa7cc4vihIshnw=="
        }
      }
    },
    "@aws-sdk/middleware-logger": {
      "version": "1.0.0-gamma.2",
      "resolved": "https://registry.npmjs.org/@aws-sdk/middleware-logger/-/middleware-logger-1.0.0-gamma.2.tgz",
      "integrity": "sha512-3pfyIVb2B3uXuD0W42JP/4H4nH5eG/xj8bzScTD0kuQ5xtU/5WLtI+FCBzaf7TAOVGK6sG4okw89+CU4wz+j9w==",
      "requires": {
        "@aws-sdk/types": "1.0.0-gamma.6",
        "tslib": "^1.8.0"
      },
      "dependencies": {
        "tslib": {
          "version": "1.14.0",
          "resolved": "https://registry.npmjs.org/tslib/-/tslib-1.14.0.tgz",
          "integrity": "sha512-+Zw5lu0D9tvBMjGP8LpvMb0u2WW2QV3y+D8mO6J+cNzCYIN4sVy43Bf9vl92nqFahutN0I8zHa7cc4vihIshnw=="
        }
      }
    },
    "@aws-sdk/middleware-retry": {
      "version": "1.0.0-gamma.8",
      "resolved": "https://registry.npmjs.org/@aws-sdk/middleware-retry/-/middleware-retry-1.0.0-gamma.8.tgz",
      "integrity": "sha512-62ucXVS64bxpZNxRhfiA0RDnl8Z7RYKXrMeO/4qVkkL03gPPyR+R1ZecYs1dJuX87f70LVENVj8rMlhlNpg/nw==",
      "requires": {
        "@aws-sdk/protocol-http": "1.0.0-gamma.7",
        "@aws-sdk/service-error-classification": "1.0.0-gamma.8",
        "@aws-sdk/types": "1.0.0-gamma.6",
        "react-native-get-random-values": "^1.4.0",
        "tslib": "^1.8.0",
        "uuid": "^3.0.0"
      },
      "dependencies": {
        "tslib": {
          "version": "1.14.0",
          "resolved": "https://registry.npmjs.org/tslib/-/tslib-1.14.0.tgz",
          "integrity": "sha512-+Zw5lu0D9tvBMjGP8LpvMb0u2WW2QV3y+D8mO6J+cNzCYIN4sVy43Bf9vl92nqFahutN0I8zHa7cc4vihIshnw=="
        }
      }
    },
    "@aws-sdk/middleware-serde": {
      "version": "1.0.0-gamma.7",
      "resolved": "https://registry.npmjs.org/@aws-sdk/middleware-serde/-/middleware-serde-1.0.0-gamma.7.tgz",
      "integrity": "sha512-j5/WWOElLdaSUmXwj6KC2vz5G4om/2t0aU5jGGRsfDPXJHJerJrYi0uo7Sh82x01mtDQyrZsyQ5pHEdmdpGAHw==",
      "requires": {
        "@aws-sdk/types": "1.0.0-gamma.6",
        "tslib": "^1.8.0"
      },
      "dependencies": {
        "tslib": {
          "version": "1.14.0",
          "resolved": "https://registry.npmjs.org/tslib/-/tslib-1.14.0.tgz",
          "integrity": "sha512-+Zw5lu0D9tvBMjGP8LpvMb0u2WW2QV3y+D8mO6J+cNzCYIN4sVy43Bf9vl92nqFahutN0I8zHa7cc4vihIshnw=="
        }
      }
    },
    "@aws-sdk/middleware-signing": {
      "version": "1.0.0-gamma.7",
      "resolved": "https://registry.npmjs.org/@aws-sdk/middleware-signing/-/middleware-signing-1.0.0-gamma.7.tgz",
      "integrity": "sha512-WnUH2ysHUb/sYvuWrn5M96O4ViNwA6xVaK2g0UmzEspkYri/xcbGwvZhmiSxgp5QUeZAbgMR9lzwiLCI5Ft5Jg==",
      "requires": {
        "@aws-sdk/protocol-http": "1.0.0-gamma.7",
        "@aws-sdk/signature-v4": "1.0.0-gamma.7",
        "@aws-sdk/types": "1.0.0-gamma.6",
        "tslib": "^1.8.0"
      },
      "dependencies": {
        "tslib": {
          "version": "1.14.0",
          "resolved": "https://registry.npmjs.org/tslib/-/tslib-1.14.0.tgz",
          "integrity": "sha512-+Zw5lu0D9tvBMjGP8LpvMb0u2WW2QV3y+D8mO6J+cNzCYIN4sVy43Bf9vl92nqFahutN0I8zHa7cc4vihIshnw=="
        }
      }
    },
    "@aws-sdk/middleware-stack": {
      "version": "1.0.0-gamma.7",
      "resolved": "https://registry.npmjs.org/@aws-sdk/middleware-stack/-/middleware-stack-1.0.0-gamma.7.tgz",
      "integrity": "sha512-lv1HDQVM6ulVnhAB+5DmGLTJfToxapM4AvbWk2lNVJeWiv7AGyDJV+B+kby240T2u+DdcTPtLbQ35usDexiVXw==",
      "requires": {
        "@aws-sdk/types": "1.0.0-gamma.6",
        "tslib": "^1.8.0"
      },
      "dependencies": {
        "tslib": {
          "version": "1.14.0",
          "resolved": "https://registry.npmjs.org/tslib/-/tslib-1.14.0.tgz",
          "integrity": "sha512-+Zw5lu0D9tvBMjGP8LpvMb0u2WW2QV3y+D8mO6J+cNzCYIN4sVy43Bf9vl92nqFahutN0I8zHa7cc4vihIshnw=="
        }
      }
    },
    "@aws-sdk/middleware-user-agent": {
      "version": "1.0.0-gamma.7",
      "resolved": "https://registry.npmjs.org/@aws-sdk/middleware-user-agent/-/middleware-user-agent-1.0.0-gamma.7.tgz",
      "integrity": "sha512-BNSEx+iuEpuIFWiCwtecGQyBG8bk0m5NrztlTlpvgX3cq9Ks4atIXQAfrUn6WzJ1OEhvwFpHizzMdwRhK00tZg==",
      "requires": {
        "@aws-sdk/protocol-http": "1.0.0-gamma.7",
        "@aws-sdk/types": "1.0.0-gamma.6",
        "tslib": "^1.8.0"
      },
      "dependencies": {
        "tslib": {
          "version": "1.14.0",
          "resolved": "https://registry.npmjs.org/tslib/-/tslib-1.14.0.tgz",
          "integrity": "sha512-+Zw5lu0D9tvBMjGP8LpvMb0u2WW2QV3y+D8mO6J+cNzCYIN4sVy43Bf9vl92nqFahutN0I8zHa7cc4vihIshnw=="
        }
      }
    },
    "@aws-sdk/node-config-provider": {
      "version": "1.0.0-gamma.3",
      "resolved": "https://registry.npmjs.org/@aws-sdk/node-config-provider/-/node-config-provider-1.0.0-gamma.3.tgz",
      "integrity": "sha512-w+EA5shHSnxUhtw2LkfgWfaA3B84qa3E/y8csrFDzvfzvVgnClZ6dcVzgaju2QcO47gSGE0uGzVsoOf96UFPqA==",
      "requires": {
        "@aws-sdk/property-provider": "1.0.0-gamma.7",
        "@aws-sdk/shared-ini-file-loader": "1.0.0-gamma.7",
        "@aws-sdk/types": "1.0.0-gamma.6",
        "tslib": "^1.8.0"
      },
      "dependencies": {
        "tslib": {
          "version": "1.14.0",
          "resolved": "https://registry.npmjs.org/tslib/-/tslib-1.14.0.tgz",
          "integrity": "sha512-+Zw5lu0D9tvBMjGP8LpvMb0u2WW2QV3y+D8mO6J+cNzCYIN4sVy43Bf9vl92nqFahutN0I8zHa7cc4vihIshnw=="
        }
      }
    },
    "@aws-sdk/node-http-handler": {
      "version": "1.0.0-gamma.8",
      "resolved": "https://registry.npmjs.org/@aws-sdk/node-http-handler/-/node-http-handler-1.0.0-gamma.8.tgz",
      "integrity": "sha512-++xFRTlGeLGyf99Y/gKxfVveClOBGqL5AwQNG4rJa2mF/7TFIem9CnpXugctYLsN/z+8hueot/+zfj8R2JY3sw==",
      "requires": {
        "@aws-sdk/abort-controller": "1.0.0-gamma.7",
        "@aws-sdk/protocol-http": "1.0.0-gamma.7",
        "@aws-sdk/querystring-builder": "1.0.0-gamma.7",
        "@aws-sdk/types": "1.0.0-gamma.6",
        "tslib": "^1.8.0"
      },
      "dependencies": {
        "tslib": {
          "version": "1.14.0",
          "resolved": "https://registry.npmjs.org/tslib/-/tslib-1.14.0.tgz",
          "integrity": "sha512-+Zw5lu0D9tvBMjGP8LpvMb0u2WW2QV3y+D8mO6J+cNzCYIN4sVy43Bf9vl92nqFahutN0I8zHa7cc4vihIshnw=="
        }
      }
    },
    "@aws-sdk/property-provider": {
      "version": "1.0.0-gamma.7",
      "resolved": "https://registry.npmjs.org/@aws-sdk/property-provider/-/property-provider-1.0.0-gamma.7.tgz",
      "integrity": "sha512-WKsV7RVkHy/uoc/BIwQm8lFwks1/kEE/U1qcO/diefQLeNK99aAxuOH7wahZUvD6Mb0iEI/0joTG2xe9CMqZyw==",
      "requires": {
        "@aws-sdk/types": "1.0.0-gamma.6",
        "tslib": "^1.8.0"
      },
      "dependencies": {
        "tslib": {
          "version": "1.14.0",
          "resolved": "https://registry.npmjs.org/tslib/-/tslib-1.14.0.tgz",
          "integrity": "sha512-+Zw5lu0D9tvBMjGP8LpvMb0u2WW2QV3y+D8mO6J+cNzCYIN4sVy43Bf9vl92nqFahutN0I8zHa7cc4vihIshnw=="
        }
      }
    },
    "@aws-sdk/protocol-http": {
      "version": "1.0.0-gamma.7",
      "resolved": "https://registry.npmjs.org/@aws-sdk/protocol-http/-/protocol-http-1.0.0-gamma.7.tgz",
      "integrity": "sha512-KJsseiQd9ZckiC0TSbMckzclVY5QSL+5VkNlf0dSVmXMv2JzaSpJUt9SviNS9EVviNmzbyRHjaQy4/O6JN+Svg==",
      "requires": {
        "@aws-sdk/types": "1.0.0-gamma.6",
        "tslib": "^1.8.0"
      },
      "dependencies": {
        "tslib": {
          "version": "1.14.0",
          "resolved": "https://registry.npmjs.org/tslib/-/tslib-1.14.0.tgz",
          "integrity": "sha512-+Zw5lu0D9tvBMjGP8LpvMb0u2WW2QV3y+D8mO6J+cNzCYIN4sVy43Bf9vl92nqFahutN0I8zHa7cc4vihIshnw=="
        }
      }
    },
    "@aws-sdk/querystring-builder": {
      "version": "1.0.0-gamma.7",
      "resolved": "https://registry.npmjs.org/@aws-sdk/querystring-builder/-/querystring-builder-1.0.0-gamma.7.tgz",
      "integrity": "sha512-eOb1z8DtSD3/z9bbAEcRvVI4a1H/Jnv+PlsBarUo6skonlRbyK/wH73DsIJg4tZCGc87mFJq+8e2z1V7w3Isbw==",
      "requires": {
        "@aws-sdk/types": "1.0.0-gamma.6",
        "@aws-sdk/util-uri-escape": "1.0.0-gamma.6",
        "tslib": "^1.8.0"
      },
      "dependencies": {
        "tslib": {
          "version": "1.14.0",
          "resolved": "https://registry.npmjs.org/tslib/-/tslib-1.14.0.tgz",
          "integrity": "sha512-+Zw5lu0D9tvBMjGP8LpvMb0u2WW2QV3y+D8mO6J+cNzCYIN4sVy43Bf9vl92nqFahutN0I8zHa7cc4vihIshnw=="
        }
      }
    },
    "@aws-sdk/querystring-parser": {
      "version": "1.0.0-gamma.7",
      "resolved": "https://registry.npmjs.org/@aws-sdk/querystring-parser/-/querystring-parser-1.0.0-gamma.7.tgz",
      "integrity": "sha512-L1J8+rc+dlDr/+FW4j5iwZRWC16syP2bRpAEinQkqWWlSc5a4OoQNG0rk/Kxw1HZTc2hQKpuWkwLb5RFlnksCg==",
      "requires": {
        "@aws-sdk/types": "1.0.0-gamma.6",
        "tslib": "^1.8.0"
      },
      "dependencies": {
        "tslib": {
          "version": "1.14.0",
          "resolved": "https://registry.npmjs.org/tslib/-/tslib-1.14.0.tgz",
          "integrity": "sha512-+Zw5lu0D9tvBMjGP8LpvMb0u2WW2QV3y+D8mO6J+cNzCYIN4sVy43Bf9vl92nqFahutN0I8zHa7cc4vihIshnw=="
        }
      }
    },
    "@aws-sdk/service-error-classification": {
      "version": "1.0.0-gamma.8",
      "resolved": "https://registry.npmjs.org/@aws-sdk/service-error-classification/-/service-error-classification-1.0.0-gamma.8.tgz",
      "integrity": "sha512-2EKqo6Otiix/7ndYGjlw9Z0riW0IhrDrbCHYN7ZwtduPcyrITYPzEOFX+nBapXEFGKR5F7OmFrSjZ5eBoiH5KQ=="
    },
    "@aws-sdk/shared-ini-file-loader": {
      "version": "1.0.0-gamma.7",
      "resolved": "https://registry.npmjs.org/@aws-sdk/shared-ini-file-loader/-/shared-ini-file-loader-1.0.0-gamma.7.tgz",
      "integrity": "sha512-PTWCsWygcS/m8JnLUBofDZCuNkxTlA0FD5y9ciiR/NXkg/a4uJdwEgsAzO8zCEK5JYYief0y+xU+0B82lO3tTA==",
      "requires": {
        "tslib": "^1.8.0"
      },
      "dependencies": {
        "tslib": {
          "version": "1.14.0",
          "resolved": "https://registry.npmjs.org/tslib/-/tslib-1.14.0.tgz",
          "integrity": "sha512-+Zw5lu0D9tvBMjGP8LpvMb0u2WW2QV3y+D8mO6J+cNzCYIN4sVy43Bf9vl92nqFahutN0I8zHa7cc4vihIshnw=="
        }
      }
    },
    "@aws-sdk/signature-v4": {
      "version": "1.0.0-gamma.7",
      "resolved": "https://registry.npmjs.org/@aws-sdk/signature-v4/-/signature-v4-1.0.0-gamma.7.tgz",
      "integrity": "sha512-t5TMlyTwOqzkNJ1aBS7E5SgqMqO6MDssdn0hpes1l+6H1n9FXpRSBhTC9Dy5ZEA+v59WoS8p0IUnheHn8t1pGA==",
      "requires": {
        "@aws-sdk/is-array-buffer": "1.0.0-gamma.6",
        "@aws-sdk/types": "1.0.0-gamma.6",
        "@aws-sdk/util-hex-encoding": "1.0.0-gamma.6",
        "@aws-sdk/util-uri-escape": "1.0.0-gamma.6",
        "tslib": "^1.8.0"
      },
      "dependencies": {
        "tslib": {
          "version": "1.14.0",
          "resolved": "https://registry.npmjs.org/tslib/-/tslib-1.14.0.tgz",
          "integrity": "sha512-+Zw5lu0D9tvBMjGP8LpvMb0u2WW2QV3y+D8mO6J+cNzCYIN4sVy43Bf9vl92nqFahutN0I8zHa7cc4vihIshnw=="
        }
      }
    },
    "@aws-sdk/smithy-client": {
      "version": "1.0.0-gamma.8",
      "resolved": "https://registry.npmjs.org/@aws-sdk/smithy-client/-/smithy-client-1.0.0-gamma.8.tgz",
      "integrity": "sha512-M6LJk633IMMNreAra6urvKRXVb35PMomy2KrikaSH1Kxroi+THbthSaUA8Qt+q7vSWnnQfwjwcNibEpfGRutfA==",
      "requires": {
        "@aws-sdk/middleware-stack": "1.0.0-gamma.7",
        "@aws-sdk/types": "1.0.0-gamma.6",
        "tslib": "^1.8.0"
      },
      "dependencies": {
        "tslib": {
          "version": "1.14.0",
          "resolved": "https://registry.npmjs.org/tslib/-/tslib-1.14.0.tgz",
          "integrity": "sha512-+Zw5lu0D9tvBMjGP8LpvMb0u2WW2QV3y+D8mO6J+cNzCYIN4sVy43Bf9vl92nqFahutN0I8zHa7cc4vihIshnw=="
        }
      }
    },
    "@aws-sdk/types": {
      "version": "1.0.0-gamma.6",
      "resolved": "https://registry.npmjs.org/@aws-sdk/types/-/types-1.0.0-gamma.6.tgz",
      "integrity": "sha512-5mQGLqXw269oXH4bxA3iK+Pnhy72wjIa6ccsLJVypyk1ZYiJq8Xk/ratosvZ4CDAnSwnUS1BibtxP8zrY14HnA=="
    },
    "@aws-sdk/url-parser-browser": {
      "version": "1.0.0-gamma.7",
      "resolved": "https://registry.npmjs.org/@aws-sdk/url-parser-browser/-/url-parser-browser-1.0.0-gamma.7.tgz",
      "integrity": "sha512-LKcNpxTENDMPu70wFKB/S3QVtOzJz+liorRiRq07JtkH0ct4ScvFFL0CIVu3DXCkhmaL6nk9Ez6pv2+r6+goWw==",
      "requires": {
        "@aws-sdk/querystring-parser": "1.0.0-gamma.7",
        "@aws-sdk/types": "1.0.0-gamma.6",
        "tslib": "^1.8.0"
      },
      "dependencies": {
        "tslib": {
          "version": "1.14.0",
          "resolved": "https://registry.npmjs.org/tslib/-/tslib-1.14.0.tgz",
          "integrity": "sha512-+Zw5lu0D9tvBMjGP8LpvMb0u2WW2QV3y+D8mO6J+cNzCYIN4sVy43Bf9vl92nqFahutN0I8zHa7cc4vihIshnw=="
        }
      }
    },
    "@aws-sdk/url-parser-node": {
      "version": "1.0.0-gamma.7",
      "resolved": "https://registry.npmjs.org/@aws-sdk/url-parser-node/-/url-parser-node-1.0.0-gamma.7.tgz",
      "integrity": "sha512-akR4BFHD47mNeT3jsN11LrHsCf4QmtVmbOlnmSezdic96cnPkfPnK/VtGElsjrLeklHeKNAC0xacu24Zp4n1qA==",
      "requires": {
        "@aws-sdk/querystring-parser": "1.0.0-gamma.7",
        "@aws-sdk/types": "1.0.0-gamma.6",
        "tslib": "^1.8.0",
        "url": "^0.11.0"
      },
      "dependencies": {
        "tslib": {
          "version": "1.14.0",
          "resolved": "https://registry.npmjs.org/tslib/-/tslib-1.14.0.tgz",
          "integrity": "sha512-+Zw5lu0D9tvBMjGP8LpvMb0u2WW2QV3y+D8mO6J+cNzCYIN4sVy43Bf9vl92nqFahutN0I8zHa7cc4vihIshnw=="
        }
      }
    },
    "@aws-sdk/util-base64-browser": {
      "version": "1.0.0-gamma.6",
      "resolved": "https://registry.npmjs.org/@aws-sdk/util-base64-browser/-/util-base64-browser-1.0.0-gamma.6.tgz",
      "integrity": "sha512-8c1K6rXLEIu0sOqj8ynFFsD9LB0SNZ/WgBS58Vt9Q+U4UZ14OQMfoK2f1VmFvgSv+w8ztz/fcwXs2aJpld6oBw==",
      "requires": {
        "tslib": "^1.8.0"
      },
      "dependencies": {
        "tslib": {
          "version": "1.14.0",
          "resolved": "https://registry.npmjs.org/tslib/-/tslib-1.14.0.tgz",
          "integrity": "sha512-+Zw5lu0D9tvBMjGP8LpvMb0u2WW2QV3y+D8mO6J+cNzCYIN4sVy43Bf9vl92nqFahutN0I8zHa7cc4vihIshnw=="
        }
      }
    },
    "@aws-sdk/util-base64-node": {
      "version": "1.0.0-gamma.6",
      "resolved": "https://registry.npmjs.org/@aws-sdk/util-base64-node/-/util-base64-node-1.0.0-gamma.6.tgz",
      "integrity": "sha512-Rlhui8eN3x5Iyt52+K5A67hZAFUEjDI612+cCgOWrgc2lWx/H4byva5HlND9V/ac3302QqBPDpx9DSh65CFY+Q==",
      "requires": {
        "@aws-sdk/util-buffer-from": "1.0.0-gamma.6",
        "tslib": "^1.8.0"
      },
      "dependencies": {
        "tslib": {
          "version": "1.14.0",
          "resolved": "https://registry.npmjs.org/tslib/-/tslib-1.14.0.tgz",
          "integrity": "sha512-+Zw5lu0D9tvBMjGP8LpvMb0u2WW2QV3y+D8mO6J+cNzCYIN4sVy43Bf9vl92nqFahutN0I8zHa7cc4vihIshnw=="
        }
      }
    },
    "@aws-sdk/util-body-length-browser": {
      "version": "1.0.0-gamma.6",
      "resolved": "https://registry.npmjs.org/@aws-sdk/util-body-length-browser/-/util-body-length-browser-1.0.0-gamma.6.tgz",
      "integrity": "sha512-ovrZJoSCS87nt+Mncd29gMWxZp2UDDeDbCgoFxAzO2P45k4DSHO6311SNz+zNJQ90SWZpy971WNRKUJlzvR+qw==",
      "requires": {
        "tslib": "^1.8.0"
      },
      "dependencies": {
        "tslib": {
          "version": "1.14.0",
          "resolved": "https://registry.npmjs.org/tslib/-/tslib-1.14.0.tgz",
          "integrity": "sha512-+Zw5lu0D9tvBMjGP8LpvMb0u2WW2QV3y+D8mO6J+cNzCYIN4sVy43Bf9vl92nqFahutN0I8zHa7cc4vihIshnw=="
        }
      }
    },
    "@aws-sdk/util-body-length-node": {
      "version": "1.0.0-gamma.6",
      "resolved": "https://registry.npmjs.org/@aws-sdk/util-body-length-node/-/util-body-length-node-1.0.0-gamma.6.tgz",
      "integrity": "sha512-BiTFGEoOpXkCsdCJcZgCWpwUiX+hO7/VvqtEoImu/hJkUiDB9fkTXqWVWN+PHk8ao4DdJ9KDkp4eEwy9/+sqew==",
      "requires": {
        "tslib": "^1.8.0"
      },
      "dependencies": {
        "tslib": {
          "version": "1.14.0",
          "resolved": "https://registry.npmjs.org/tslib/-/tslib-1.14.0.tgz",
          "integrity": "sha512-+Zw5lu0D9tvBMjGP8LpvMb0u2WW2QV3y+D8mO6J+cNzCYIN4sVy43Bf9vl92nqFahutN0I8zHa7cc4vihIshnw=="
        }
      }
    },
    "@aws-sdk/util-buffer-from": {
      "version": "1.0.0-gamma.6",
      "resolved": "https://registry.npmjs.org/@aws-sdk/util-buffer-from/-/util-buffer-from-1.0.0-gamma.6.tgz",
      "integrity": "sha512-VRfP8B1Uduf9fpnUynVA9D61RZWLoy8cWcZheuLaR2CWLEzh3Sq9NeHmybMeSEFXWrgrMNkZ8TccRH3qL3goDA==",
      "requires": {
        "@aws-sdk/is-array-buffer": "1.0.0-gamma.6",
        "tslib": "^1.8.0"
      },
      "dependencies": {
        "tslib": {
          "version": "1.14.0",
          "resolved": "https://registry.npmjs.org/tslib/-/tslib-1.14.0.tgz",
          "integrity": "sha512-+Zw5lu0D9tvBMjGP8LpvMb0u2WW2QV3y+D8mO6J+cNzCYIN4sVy43Bf9vl92nqFahutN0I8zHa7cc4vihIshnw=="
        }
      }
    },
    "@aws-sdk/util-hex-encoding": {
      "version": "1.0.0-gamma.6",
      "resolved": "https://registry.npmjs.org/@aws-sdk/util-hex-encoding/-/util-hex-encoding-1.0.0-gamma.6.tgz",
      "integrity": "sha512-bIRIhdAfQH94dWp6lE8OAu4+ghGuRFRDWfIm5id+ekwwPeCI82kxnXUxbI/U3zeQqj/PX96ZD64/SPYd1+cklg==",
      "requires": {
        "tslib": "^1.8.0"
      },
      "dependencies": {
        "tslib": {
          "version": "1.14.0",
          "resolved": "https://registry.npmjs.org/tslib/-/tslib-1.14.0.tgz",
          "integrity": "sha512-+Zw5lu0D9tvBMjGP8LpvMb0u2WW2QV3y+D8mO6J+cNzCYIN4sVy43Bf9vl92nqFahutN0I8zHa7cc4vihIshnw=="
        }
      }
    },
    "@aws-sdk/util-locate-window": {
      "version": "1.0.0-gamma.6",
      "resolved": "https://registry.npmjs.org/@aws-sdk/util-locate-window/-/util-locate-window-1.0.0-gamma.6.tgz",
      "integrity": "sha512-l9i1aHQON7uXLNEOvYsFXUMXya3lPWg2nr/B8hEfGzW4F3OxHEvpmeXuAWuYcFiXysTPhnR/coOz1bKon988Rw==",
      "requires": {
        "tslib": "^1.8.0"
      },
      "dependencies": {
        "tslib": {
          "version": "1.14.0",
          "resolved": "https://registry.npmjs.org/tslib/-/tslib-1.14.0.tgz",
          "integrity": "sha512-+Zw5lu0D9tvBMjGP8LpvMb0u2WW2QV3y+D8mO6J+cNzCYIN4sVy43Bf9vl92nqFahutN0I8zHa7cc4vihIshnw=="
        }
      }
    },
    "@aws-sdk/util-uri-escape": {
      "version": "1.0.0-gamma.6",
      "resolved": "https://registry.npmjs.org/@aws-sdk/util-uri-escape/-/util-uri-escape-1.0.0-gamma.6.tgz",
      "integrity": "sha512-U11YFhWSwyobmWF03Q5QRxLjG6sN/mfss58ue0KTKFhuTJxdrQ/Y+Aj/7TNSnVBNfHZqz7aETGz5HHD4ccgSAA==",
      "requires": {
        "tslib": "^1.8.0"
      },
      "dependencies": {
        "tslib": {
          "version": "1.14.0",
          "resolved": "https://registry.npmjs.org/tslib/-/tslib-1.14.0.tgz",
          "integrity": "sha512-+Zw5lu0D9tvBMjGP8LpvMb0u2WW2QV3y+D8mO6J+cNzCYIN4sVy43Bf9vl92nqFahutN0I8zHa7cc4vihIshnw=="
        }
      }
    },
    "@aws-sdk/util-user-agent-browser": {
      "version": "1.0.0-gamma.7",
      "resolved": "https://registry.npmjs.org/@aws-sdk/util-user-agent-browser/-/util-user-agent-browser-1.0.0-gamma.7.tgz",
      "integrity": "sha512-9T86rQBzulki2F7WF0MWCpe8lv764luBpM4RY1oP+aeCF5zU7Q0XsGm1UeSBKupQBMN4v0OV1LHTvXqWGcEkbA==",
      "requires": {
        "@aws-sdk/types": "1.0.0-gamma.6",
        "tslib": "^1.8.0"
      },
      "dependencies": {
        "tslib": {
          "version": "1.14.0",
          "resolved": "https://registry.npmjs.org/tslib/-/tslib-1.14.0.tgz",
          "integrity": "sha512-+Zw5lu0D9tvBMjGP8LpvMb0u2WW2QV3y+D8mO6J+cNzCYIN4sVy43Bf9vl92nqFahutN0I8zHa7cc4vihIshnw=="
        }
      }
    },
    "@aws-sdk/util-user-agent-node": {
      "version": "1.0.0-gamma.8",
      "resolved": "https://registry.npmjs.org/@aws-sdk/util-user-agent-node/-/util-user-agent-node-1.0.0-gamma.8.tgz",
      "integrity": "sha512-laqKT4Ct8wcVnzTbOGn3QXLu53+bKyUtwbL6AWQio+TOpymNQNChQ7wfvGCIMoYvpifhHNOovwT4EviKbH/Lhg==",
      "requires": {
        "@aws-sdk/types": "1.0.0-gamma.6",
        "tslib": "^1.8.0"
      },
      "dependencies": {
        "tslib": {
          "version": "1.14.0",
          "resolved": "https://registry.npmjs.org/tslib/-/tslib-1.14.0.tgz",
          "integrity": "sha512-+Zw5lu0D9tvBMjGP8LpvMb0u2WW2QV3y+D8mO6J+cNzCYIN4sVy43Bf9vl92nqFahutN0I8zHa7cc4vihIshnw=="
        }
      }
    },
    "@aws-sdk/util-utf8-browser": {
      "version": "1.0.0-gamma.6",
      "resolved": "https://registry.npmjs.org/@aws-sdk/util-utf8-browser/-/util-utf8-browser-1.0.0-gamma.6.tgz",
      "integrity": "sha512-JIT2wPZKdOGynAD6V5ZhGT1XlHJbOWAYn0zQUgf4fkfcwwsfjXp9MALptdavKG/N7plq6p7z5JxMUP/VGKXyYA==",
      "requires": {
        "tslib": "^1.8.0"
      },
      "dependencies": {
        "tslib": {
          "version": "1.14.0",
          "resolved": "https://registry.npmjs.org/tslib/-/tslib-1.14.0.tgz",
          "integrity": "sha512-+Zw5lu0D9tvBMjGP8LpvMb0u2WW2QV3y+D8mO6J+cNzCYIN4sVy43Bf9vl92nqFahutN0I8zHa7cc4vihIshnw=="
        }
      }
    },
    "@aws-sdk/util-utf8-node": {
      "version": "1.0.0-gamma.6",
      "resolved": "https://registry.npmjs.org/@aws-sdk/util-utf8-node/-/util-utf8-node-1.0.0-gamma.6.tgz",
      "integrity": "sha512-mci/TC5dFV8SXMsfVwra3ktFWlzXEFFFXaFcNFMZmcbTakzerjpbTp6KHfOC3/seXPf8ErsDgY4X2ZxT4ue8aw==",
      "requires": {
        "@aws-sdk/util-buffer-from": "1.0.0-gamma.6",
        "tslib": "^1.8.0"
      },
      "dependencies": {
        "tslib": {
          "version": "1.14.0",
          "resolved": "https://registry.npmjs.org/tslib/-/tslib-1.14.0.tgz",
          "integrity": "sha512-+Zw5lu0D9tvBMjGP8LpvMb0u2WW2QV3y+D8mO6J+cNzCYIN4sVy43Bf9vl92nqFahutN0I8zHa7cc4vihIshnw=="
        }
      }
    },
    "fast-base64-decode": {
      "version": "1.0.0",
      "resolved": "https://registry.npmjs.org/fast-base64-decode/-/fast-base64-decode-1.0.0.tgz",
      "integrity": "sha512-qwaScUgUGBYeDNRnbc/KyllVU88Jk1pRHPStuF/lO7B0/RTRLj7U0lkdTAutlBblY08rwZDff6tNU9cjv6j//Q=="
    },
    "punycode": {
      "version": "1.3.2",
      "resolved": "https://registry.npmjs.org/punycode/-/punycode-1.3.2.tgz",
      "integrity": "sha1-llOgNvt8HuQjQvIyXM7v6jkmxI0="
    },
    "querystring": {
      "version": "0.2.0",
      "resolved": "https://registry.npmjs.org/querystring/-/querystring-0.2.0.tgz",
      "integrity": "sha1-sgmEkgO7Jd+CDadW50cAWHhSFiA="
    },
    "react-native-get-random-values": {
      "version": "1.5.0",
      "resolved": "https://registry.npmjs.org/react-native-get-random-values/-/react-native-get-random-values-1.5.0.tgz",
      "integrity": "sha512-LK+Wb8dEimJkd/dub7qziDmr9Tw4chhpzVeQ6JDo4czgfG4VXbptRyOMdu8503RiMF6y9pTH6ZUTkrrpprqT7w==",
      "requires": {
        "fast-base64-decode": "^1.0.0"
      }
    },
    "tslib": {
      "version": "2.0.2",
      "resolved": "https://registry.npmjs.org/tslib/-/tslib-2.0.2.tgz",
      "integrity": "sha512-wAH28hcEKwna96/UacuWaVspVLkg4x1aDM9JlzqaQTOFczCktkVAb5fmXChgandR1EraDPs2w8P+ozM+oafwxg=="
    },
    "url": {
      "version": "0.11.0",
      "resolved": "https://registry.npmjs.org/url/-/url-0.11.0.tgz",
      "integrity": "sha1-ODjpfPxgUh63PFJajlW/3Z4uKPE=",
      "requires": {
        "punycode": "1.3.2",
        "querystring": "0.2.0"
      }
    },
    "uuid": {
      "version": "3.4.0",
      "resolved": "https://registry.npmjs.org/uuid/-/uuid-3.4.0.tgz",
      "integrity": "sha512-HjSDRw6gZE5JMggctHBcjVak08+KEVhSIiDzFnT9S9aegmp85S/bReBVTb4QTFaRNptJ9kuYaNhnbNEOkbKb/A=="
    }
  }
}
