{
	"name": "x402-proxy-template",
	"lockfileVersion": 3,
	"requires": true,
	"packages": {
		"": {
			"name": "x402-proxy-template",
			"dependencies": {
				"@coinbase/x402": "^0.7.1",
				"hono": "^4.10.4",
				"x402-hono": "^0.7.1"
			},
			"devDependencies": {
				"@typescript-eslint/eslint-plugin": "^8.46.4",
				"@typescript-eslint/parser": "^8.46.4",
				"eslint": "^9.39.1",
				"eslint-config-prettier": "^10.1.8",
				"prettier": "^3.6.2",
				"tsx": "^4.20.6",
				"viem": "^2.38.6",
				"wrangler": "^4.46.0",
				"x402": "^0.7.1"
			}
		},
		"../node_modules/.pnpm/@coinbase+x402@0.7.3_@solana+sysvars@5.0.0_fastestsmallesttextencoderdecoder@1.0.22_typescrip_rtafsze3ztys6mucgni72q3iea/node_modules/@coinbase/x402": {
			"version": "0.7.3",
			"hasInstallScript": true,
			"license": "Apache-2.0",
			"dependencies": {
				"@coinbase/cdp-sdk": "^1.29.0",
				"viem": "^2.21.26",
				"x402": "^0.7.3",
				"zod": "^3.24.2"
			},
			"devDependencies": {
				"@eslint/js": "^9.24.0",
				"@types/node": "^22.13.4",
				"@typescript-eslint/eslint-plugin": "^8.29.1",
				"@typescript-eslint/parser": "^8.29.1",
				"eslint": "^9.24.0",
				"eslint-plugin-import": "^2.31.0",
				"eslint-plugin-jsdoc": "^50.6.9",
				"eslint-plugin-prettier": "^5.2.6",
				"prettier": "3.5.2",
				"tsup": "^8.4.0",
				"tsx": "^4.19.2",
				"typescript": "^5.7.3",
				"vite": "^6.2.6",
				"vite-tsconfig-paths": "^5.1.4",
				"vitest": "^3.0.5"
			}
		},
		"../node_modules/.pnpm/@typescript-eslint+eslint-plugin@8.48.0_@typescript-eslint+parser@8.48.0_eslint@9.39.1_jiti@2_ktwhii4fe7jjtdh2xls534rbwq/node_modules/@typescript-eslint/eslint-plugin": {
			"version": "8.48.0",
			"dev": true,
			"license": "MIT",
			"dependencies": {
				"@eslint-community/regexpp": "^4.10.0",
				"@typescript-eslint/scope-manager": "8.48.0",
				"@typescript-eslint/type-utils": "8.48.0",
				"@typescript-eslint/utils": "8.48.0",
				"@typescript-eslint/visitor-keys": "8.48.0",
				"graphemer": "^1.4.0",
				"ignore": "^7.0.0",
				"natural-compare": "^1.4.0",
				"ts-api-utils": "^2.1.0"
			},
			"devDependencies": {
				"@types/mdast": "^4.0.3",
				"@types/natural-compare": "*",
				"@typescript-eslint/rule-schema-to-typescript-types": "8.48.0",
				"@typescript-eslint/rule-tester": "8.48.0",
				"@vitest/coverage-v8": "^3.1.3",
				"ajv": "^6.12.6",
				"cross-fetch": "*",
				"eslint": "*",
				"json-schema": "*",
				"markdown-table": "^3.0.3",
				"marked": "^15.0.0",
				"mdast-util-from-markdown": "^2.0.0",
				"mdast-util-mdx": "^3.0.0",
				"micromark-extension-mdxjs": "^3.0.0",
				"prettier": "3.6.2",
				"rimraf": "*",
				"title-case": "^4.0.0",
				"tsx": "*",
				"typescript": "*",
				"unist-util-visit": "^5.0.0",
				"vitest": "^3.1.3"
			},
			"engines": {
				"node": "^18.18.0 || ^20.9.0 || >=21.1.0"
			},
			"funding": {
				"type": "opencollective",
				"url": "https://opencollective.com/typescript-eslint"
			},
			"peerDependencies": {
				"@typescript-eslint/parser": "^8.48.0",
				"eslint": "^8.57.0 || ^9.0.0",
				"typescript": ">=4.8.4 <6.0.0"
			}
		},
		"../node_modules/.pnpm/@typescript-eslint+parser@8.48.0_eslint@9.39.1_jiti@2.4.2__typescript@5.9.2/node_modules/@typescript-eslint/parser": {
			"version": "8.48.0",
			"dev": true,
			"license": "MIT",
			"dependencies": {
				"@typescript-eslint/scope-manager": "8.48.0",
				"@typescript-eslint/types": "8.48.0",
				"@typescript-eslint/typescript-estree": "8.48.0",
				"@typescript-eslint/visitor-keys": "8.48.0",
				"debug": "^4.3.4"
			},
			"devDependencies": {
				"@vitest/coverage-v8": "^3.1.3",
				"eslint": "*",
				"glob": "*",
				"rimraf": "*",
				"typescript": "*",
				"vitest": "^3.1.3"
			},
			"engines": {
				"node": "^18.18.0 || ^20.9.0 || >=21.1.0"
			},
			"funding": {
				"type": "opencollective",
				"url": "https://opencollective.com/typescript-eslint"
			},
			"peerDependencies": {
				"eslint": "^8.57.0 || ^9.0.0",
				"typescript": ">=4.8.4 <6.0.0"
			}
		},
		"../node_modules/.pnpm/eslint-config-prettier@10.1.8_eslint@9.39.1_jiti@2.4.2_/node_modules/eslint-config-prettier": {
			"version": "10.1.8",
			"dev": true,
			"license": "MIT",
			"bin": {
				"eslint-config-prettier": "bin/cli.js"
			},
			"funding": {
				"url": "https://opencollective.com/eslint-config-prettier"
			},
			"peerDependencies": {
				"eslint": ">=7.0.0"
			}
		},
		"../node_modules/.pnpm/eslint@9.39.1_jiti@2.4.2/node_modules/eslint": {
			"version": "9.39.1",
			"dev": true,
			"license": "MIT",
			"dependencies": {
				"@eslint-community/eslint-utils": "^4.8.0",
				"@eslint-community/regexpp": "^4.12.1",
				"@eslint/config-array": "^0.21.1",
				"@eslint/config-helpers": "^0.4.2",
				"@eslint/core": "^0.17.0",
				"@eslint/eslintrc": "^3.3.1",
				"@eslint/js": "9.39.1",
				"@eslint/plugin-kit": "^0.4.1",
				"@humanfs/node": "^0.16.6",
				"@humanwhocodes/module-importer": "^1.0.1",
				"@humanwhocodes/retry": "^0.4.2",
				"@types/estree": "^1.0.6",
				"ajv": "^6.12.4",
				"chalk": "^4.0.0",
				"cross-spawn": "^7.0.6",
				"debug": "^4.3.2",
				"escape-string-regexp": "^4.0.0",
				"eslint-scope": "^8.4.0",
				"eslint-visitor-keys": "^4.2.1",
				"espree": "^10.4.0",
				"esquery": "^1.5.0",
				"esutils": "^2.0.2",
				"fast-deep-equal": "^3.1.3",
				"file-entry-cache": "^8.0.0",
				"find-up": "^5.0.0",
				"glob-parent": "^6.0.2",
				"ignore": "^5.2.0",
				"imurmurhash": "^0.1.4",
				"is-glob": "^4.0.0",
				"json-stable-stringify-without-jsonify": "^1.0.1",
				"lodash.merge": "^4.6.2",
				"minimatch": "^3.1.2",
				"natural-compare": "^1.4.0",
				"optionator": "^0.9.3"
			},
			"bin": {
				"eslint": "bin/eslint.js"
			},
			"devDependencies": {
				"@arethetypeswrong/cli": "^0.18.0",
				"@babel/core": "^7.4.3",
				"@babel/preset-env": "^7.4.3",
				"@cypress/webpack-preprocessor": "^6.0.2",
				"@eslint/json": "^0.13.2",
				"@trunkio/launcher": "^1.3.4",
				"@types/esquery": "^1.5.4",
				"@types/node": "^22.13.14",
				"@typescript-eslint/parser": "^8.4.0",
				"babel-loader": "^8.0.5",
				"c8": "^7.12.0",
				"chai": "^4.0.1",
				"cheerio": "^0.22.0",
				"common-tags": "^1.8.0",
				"core-js": "^3.1.3",
				"cypress": "^14.1.0",
				"ejs": "^3.0.2",
				"eslint": "file:.",
				"eslint-config-eslint": "file:packages/eslint-config-eslint",
				"eslint-plugin-eslint-plugin": "^6.0.0",
				"eslint-plugin-expect-type": "^0.6.0",
				"eslint-plugin-yml": "^1.14.0",
				"eslint-release": "^3.3.0",
				"eslint-rule-composer": "^0.3.0",
				"eslump": "^3.0.0",
				"esprima": "^4.0.1",
				"fast-glob": "^3.2.11",
				"fs-teardown": "^0.1.3",
				"glob": "^10.0.0",
				"globals": "^16.2.0",
				"got": "^11.8.3",
				"gray-matter": "^4.0.3",
				"jiti": "^2.6.1",
				"jiti-v2.0": "npm:jiti@2.0.x",
				"jiti-v2.1": "npm:jiti@2.1.x",
				"knip": "^5.60.2",
				"lint-staged": "^11.0.0",
				"markdown-it": "^12.2.0",
				"markdown-it-container": "^3.0.0",
				"marked": "^4.0.8",
				"metascraper": "^5.25.7",
				"metascraper-description": "^5.25.7",
				"metascraper-image": "^5.29.3",
				"metascraper-logo": "^5.25.7",
				"metascraper-logo-favicon": "^5.25.7",
				"metascraper-title": "^5.25.7",
				"mocha": "^11.7.1",
				"node-polyfill-webpack-plugin": "^1.0.3",
				"npm-license": "^0.3.3",
				"pirates": "^4.0.5",
				"progress": "^2.0.3",
				"proxyquire": "^2.0.1",
				"recast": "^0.23.0",
				"regenerator-runtime": "^0.14.0",
				"semver": "^7.5.3",
				"shelljs": "^0.10.0",
				"sinon": "^11.0.0",
				"typescript": "^5.3.3",
				"webpack": "^5.23.0",
				"webpack-cli": "^4.5.0",
				"yorkie": "^2.0.0"
			},
			"engines": {
				"node": "^18.18.0 || ^20.9.0 || >=21.1.0"
			},
			"funding": {
				"url": "https://eslint.org/donate"
			},
			"peerDependencies": {
				"jiti": "*"
			},
			"peerDependenciesMeta": {
				"jiti": {
					"optional": true
				}
			}
		},
		"../node_modules/.pnpm/hono@4.10.6/node_modules/hono": {
			"version": "4.10.6",
			"license": "MIT",
			"devDependencies": {
				"@hono/eslint-config": "^2.0.3",
				"@hono/node-server": "^1.13.5",
				"@types/glob": "^9.0.0",
				"@types/jsdom": "^21.1.7",
				"@types/node": "^24.3.0",
				"@typescript/native-preview": "7.0.0-dev.20250523.1",
				"@vitest/coverage-v8": "^3.2.4",
				"arg": "^5.0.2",
				"bun-types": "^1.2.20",
				"editorconfig-checker": "^6.1.0",
				"esbuild": "^0.15.18",
				"eslint": "^9.10.0",
				"glob": "^11.0.0",
				"jsdom": "22.1.0",
				"msw": "^2.6.0",
				"np": "10.2.0",
				"oxc-parser": "^0.96.0",
				"pkg-pr-new": "^0.0.53",
				"prettier": "^2.6.2",
				"publint": "^0.1.16",
				"typescript": "^5.9.2",
				"undici": "^6.21.3",
				"vite-plugin-fastly-js-compute": "^0.4.2",
				"vitest": "^3.2.4",
				"wrangler": "4.12.0",
				"ws": "^8.18.0",
				"zod": "^3.23.8"
			},
			"engines": {
				"node": ">=16.9.0"
			}
		},
		"../node_modules/.pnpm/prettier@3.6.2/node_modules/prettier": {
			"version": "3.6.2",
			"dev": true,
			"license": "MIT",
			"bin": {
				"prettier": "bin/prettier.cjs"
			},
			"engines": {
				"node": ">=14"
			},
			"funding": {
				"url": "https://github.com/prettier/prettier?sponsor=1"
			}
		},
		"../node_modules/.pnpm/tsx@4.20.6/node_modules/tsx": {
			"version": "4.20.6",
			"dev": true,
			"license": "MIT",
			"dependencies": {
				"esbuild": "~0.25.0",
				"get-tsconfig": "^4.7.5"
			},
			"bin": {
				"tsx": "dist/cli.mjs"
			},
			"engines": {
				"node": ">=18.0.0"
			},
			"optionalDependencies": {
				"fsevents": "~2.3.3"
			}
		},
		"../node_modules/.pnpm/viem@2.40.3_bufferutil@4.0.9_typescript@5.9.2_utf-8-validate@5.0.10_zod@3.25.67/node_modules/viem": {
			"version": "2.40.3",
			"dev": true,
			"funding": [
				{
					"type": "github",
					"url": "https://github.com/sponsors/wevm"
				}
			],
			"license": "MIT",
			"dependencies": {
				"@noble/curves": "1.9.1",
				"@noble/hashes": "1.8.0",
				"@scure/bip32": "1.7.0",
				"@scure/bip39": "1.6.0",
				"abitype": "1.1.0",
				"isows": "1.0.7",
				"ox": "0.9.6",
				"ws": "8.18.3"
			},
			"peerDependencies": {
				"typescript": ">=5.0.4"
			},
			"peerDependenciesMeta": {
				"typescript": {
					"optional": true
				}
			}
		},
		"../node_modules/.pnpm/wrangler@4.50.0_bufferutil@4.0.9_utf-8-validate@5.0.10/node_modules/wrangler": {
			"version": "4.50.0",
			"dev": true,
			"license": "MIT OR Apache-2.0",
			"dependencies": {
				"@cloudflare/kv-asset-handler": "0.4.0",
				"@cloudflare/unenv-preset": "2.7.11",
				"blake3-wasm": "2.1.5",
				"esbuild": "0.25.4",
				"miniflare": "4.20251118.1",
				"path-to-regexp": "6.3.0",
				"unenv": "2.0.0-rc.24",
				"workerd": "1.20251118.0"
			},
			"bin": {
				"wrangler": "bin/wrangler.js",
				"wrangler2": "bin/wrangler.js"
			},
			"devDependencies": {
				"@aws-sdk/client-s3": "^3.721.0",
				"@cloudflare/cli": "1.1.3",
				"@cloudflare/containers-shared": "0.3.0",
				"@cloudflare/eslint-config-shared": "1.1.0",
				"@cloudflare/pages-shared": "^0.13.88",
				"@cloudflare/types": "6.18.4",
				"@cloudflare/workers-shared": "0.18.8",
				"@cloudflare/workers-tsconfig": "0.0.0",
				"@cloudflare/workers-types": "^4.20251118.0",
				"@cloudflare/workers-utils": "0.2.0",
				"@cloudflare/workflows-shared": "0.3.8",
				"@cspotcode/source-map-support": "0.8.1",
				"@netlify/build-info": "^10.0.9",
				"@sentry/node": "^7.86.0",
				"@sentry/types": "^7.86.0",
				"@sentry/utils": "^7.86.0",
				"@types/command-exists": "^1.2.0",
				"@types/cross-spawn": "^6.0.2",
				"@types/glob-to-regexp": "^0.4.1",
				"@types/is-ci": "^3.0.0",
				"@types/javascript-time-ago": "^2.0.3",
				"@types/json-diff": "^1.0.3",
				"@types/mime": "^3.0.4",
				"@types/minimatch": "^5.1.2",
				"@types/node": "^20.19.9",
				"@types/node-forge": "^1.3.11",
				"@types/prompts": "^2.0.14",
				"@types/resolve": "^1.20.6",
				"@types/shell-quote": "^1.7.2",
				"@types/signal-exit": "^3.0.1",
				"@types/supports-color": "^8.1.1",
				"@types/ws": "^8.5.7",
				"@types/yargs": "^17.0.22",
				"@vitest/ui": "~3.2.0",
				"@webcontainer/env": "^1.1.0",
				"capnweb": "^0.1.0",
				"chalk": "^5.2.0",
				"chokidar": "^4.0.1",
				"cli-table3": "^0.6.3",
				"cloudflare": "^5.2.0",
				"cmd-shim": "^4.1.0",
				"command-exists": "^1.2.9",
				"concurrently": "^8.2.2",
				"cross-spawn": "^7.0.3",
				"date-fns": "^4.1.0",
				"devtools-protocol": "^0.0.1182435",
				"dotenv": "^16.3.1",
				"dotenv-expand": "^12.0.2",
				"eslint": "^9.39.1",
				"execa": "^6.1.0",
				"find-up": "^6.3.0",
				"get-port": "^7.0.0",
				"glob-to-regexp": "^0.4.1",
				"https-proxy-agent": "7.0.2",
				"is-ci": "^3.0.1",
				"itty-time": "^1.0.6",
				"javascript-time-ago": "^2.5.4",
				"json-diff": "^1.0.6",
				"jsonc-parser": "^3.2.0",
				"md5-file": "5.0.0",
				"mime": "^3.0.0",
				"minimatch": "^5.1.0",
				"mock-socket": "^9.3.1",
				"msw": "2.4.3",
				"node-forge": "^1.3.1",
				"open": "^8.4.0",
				"p-queue": "^9.0.0",
				"patch-console": "^1.0.0",
				"pretty-bytes": "^6.0.0",
				"prompts": "^2.4.2",
				"resolve": "^1.22.8",
				"rimraf": "^6.0.1",
				"selfsigned": "^2.0.1",
				"semiver": "^1.1.0",
				"shell-quote": "^1.8.1",
				"signal-exit": "^3.0.7",
				"smol-toml": "^1.5.2",
				"source-map": "^0.6.1",
				"strip-ansi": "^7.1.0",
				"supports-color": "^9.2.2",
				"timeago.js": "^4.0.2",
				"ts-dedent": "^2.2.0",
				"ts-json-schema-generator": "^1.5.0",
				"tsup": "8.3.0",
				"typescript": "^5.8.3",
				"undici": "7.14.0",
				"update-check": "^1.5.4",
				"vitest": "~3.2.0",
				"vitest-websocket-mock": "^0.4.0",
				"ws": "8.18.0",
				"xdg-app-paths": "^8.3.0",
				"xxhash-wasm": "^1.0.1",
				"yaml": "^2.8.1",
				"yargs": "^17.7.2"
			},
			"engines": {
				"node": ">=20.0.0"
			},
			"optionalDependencies": {
				"fsevents": "~2.3.2"
			},
			"peerDependencies": {
				"@cloudflare/workers-types": "^4.20251118.0"
			},
			"peerDependenciesMeta": {
				"@cloudflare/workers-types": {
					"optional": true
				}
			}
		},
		"../node_modules/.pnpm/x402-hono@0.7.3_@solana+sysvars@5.0.0_fastestsmallesttextencoderdecoder@1.0.22_typescript@5.9_kajf6hhjx7wl4lglti5vtvpp2m/node_modules/x402-hono": {
			"version": "0.7.3",
			"license": "Apache-2.0",
			"dependencies": {
				"@coinbase/cdp-sdk": "^1.22.0",
				"@solana/kit": "^5.0.0",
				"hono": "^4.7.1",
				"viem": "^2.21.26",
				"x402": "^0.7.3",
				"zod": "^3.24.2"
			},
			"devDependencies": {
				"@eslint/js": "^9.24.0",
				"@types/node": "^22.13.4",
				"@typescript-eslint/eslint-plugin": "^8.29.1",
				"@typescript-eslint/parser": "^8.29.1",
				"eslint": "^9.24.0",
				"eslint-plugin-import": "^2.31.0",
				"eslint-plugin-jsdoc": "^50.6.9",
				"eslint-plugin-prettier": "^5.2.6",
				"prettier": "3.5.2",
				"tsup": "^8.4.0",
				"tsx": "^4.19.2",
				"typescript": "^5.7.3",
				"vite": "^6.2.6",
				"vite-tsconfig-paths": "^5.1.4",
				"vitest": "^3.0.5"
			}
		},
		"../node_modules/.pnpm/x402@0.7.3_@solana+sysvars@5.0.0_fastestsmallesttextencoderdecoder@1.0.22_typescript@5.9.2__@_nw37esty46s3pll75ps5fpvghi/node_modules/x402": {
			"version": "0.7.3",
			"dev": true,
			"license": "Apache-2.0",
			"dependencies": {
				"@scure/base": "^1.2.6",
				"@solana-program/compute-budget": "^0.11.0",
				"@solana-program/token": "^0.9.0",
				"@solana-program/token-2022": "^0.6.1",
				"@solana/kit": "^5.0.0",
				"@solana/transaction-confirmation": "^5.0.0",
				"@solana/wallet-standard-features": "^1.3.0",
				"@wallet-standard/app": "^1.1.0",
				"@wallet-standard/base": "^1.1.0",
				"@wallet-standard/features": "^1.1.0",
				"viem": "^2.21.26",
				"wagmi": "^2.15.6",
				"zod": "^3.24.2"
			},
			"devDependencies": {
				"@coinbase/onchainkit": "^0.38.14",
				"@craftamap/esbuild-plugin-html": "^0.9.0",
				"@eslint/js": "^9.24.0",
				"@types/node": "^22.13.4",
				"@types/react": "^19",
				"@types/react-dom": "^19",
				"@typescript-eslint/eslint-plugin": "^8.29.1",
				"@typescript-eslint/parser": "^8.29.1",
				"@wagmi/connectors": "^5.8.1",
				"@wagmi/core": "^2.17.1",
				"buffer": "^6.0.3",
				"esbuild": "^0.25.4",
				"eslint": "^9.24.0",
				"eslint-plugin-import": "^2.31.0",
				"eslint-plugin-jsdoc": "^50.6.9",
				"eslint-plugin-prettier": "^5.2.6",
				"prettier": "3.5.2",
				"react": "^19.0.0",
				"react-dom": "^19.0.0",
				"tsup": "^8.4.0",
				"tsx": "^4.19.2",
				"typescript": "^5.7.3",
				"viem": "^2.21.26",
				"vite": "^6.2.6",
				"vite-tsconfig-paths": "^5.1.4",
				"vitest": "^3.0.5"
			}
		},
		"node_modules/@coinbase/x402": {
			"resolved": "../node_modules/.pnpm/@coinbase+x402@0.7.3_@solana+sysvars@5.0.0_fastestsmallesttextencoderdecoder@1.0.22_typescrip_rtafsze3ztys6mucgni72q3iea/node_modules/@coinbase/x402",
			"link": true
		},
		"node_modules/@typescript-eslint/eslint-plugin": {
			"resolved": "../node_modules/.pnpm/@typescript-eslint+eslint-plugin@8.48.0_@typescript-eslint+parser@8.48.0_eslint@9.39.1_jiti@2_ktwhii4fe7jjtdh2xls534rbwq/node_modules/@typescript-eslint/eslint-plugin",
			"link": true
		},
		"node_modules/@typescript-eslint/parser": {
			"resolved": "../node_modules/.pnpm/@typescript-eslint+parser@8.48.0_eslint@9.39.1_jiti@2.4.2__typescript@5.9.2/node_modules/@typescript-eslint/parser",
			"link": true
		},
		"node_modules/eslint": {
			"resolved": "../node_modules/.pnpm/eslint@9.39.1_jiti@2.4.2/node_modules/eslint",
			"link": true
		},
		"node_modules/eslint-config-prettier": {
			"resolved": "../node_modules/.pnpm/eslint-config-prettier@10.1.8_eslint@9.39.1_jiti@2.4.2_/node_modules/eslint-config-prettier",
			"link": true
		},
		"node_modules/hono": {
			"resolved": "../node_modules/.pnpm/hono@4.10.6/node_modules/hono",
			"link": true
		},
		"node_modules/prettier": {
			"resolved": "../node_modules/.pnpm/prettier@3.6.2/node_modules/prettier",
			"link": true
		},
		"node_modules/tsx": {
			"resolved": "../node_modules/.pnpm/tsx@4.20.6/node_modules/tsx",
			"link": true
		},
		"node_modules/viem": {
			"resolved": "../node_modules/.pnpm/viem@2.40.3_bufferutil@4.0.9_typescript@5.9.2_utf-8-validate@5.0.10_zod@3.25.67/node_modules/viem",
			"link": true
		},
		"node_modules/wrangler": {
			"resolved": "../node_modules/.pnpm/wrangler@4.50.0_bufferutil@4.0.9_utf-8-validate@5.0.10/node_modules/wrangler",
			"link": true
		},
		"node_modules/x402": {
			"resolved": "../node_modules/.pnpm/x402@0.7.3_@solana+sysvars@5.0.0_fastestsmallesttextencoderdecoder@1.0.22_typescript@5.9.2__@_nw37esty46s3pll75ps5fpvghi/node_modules/x402",
			"link": true
		},
		"node_modules/x402-hono": {
			"resolved": "../node_modules/.pnpm/x402-hono@0.7.3_@solana+sysvars@5.0.0_fastestsmallesttextencoderdecoder@1.0.22_typescript@5.9_kajf6hhjx7wl4lglti5vtvpp2m/node_modules/x402-hono",
			"link": true
		}
	}
}
